PODS:
  - Alamofire (4.4.0)
  - AlamofireImage (3.2.0):
    - Alamofire (~> 4.1)
  - NibDesignable (3.0.0)
  - RxCocoa (3.2.0):
    - RxSwift (~> 3.1)
  - RxDataSources (1.0.3):
    - RxCocoa (~> 3.0)
    - RxSwift (~> 3.0)
  - RxSwift (3.2.0)
  - SwiftyJSON (3.1.4)
  - Then (2.1.0)

DEPENDENCIES:
  - Alamofire (~> 4.2)
  - AlamofireImage (~> 3.1)
  - NibDesignable (~> 3.0)
  - RxCocoa
  - RxDataSources
  - RxSwift
  - SwiftyJSON (~> 3.1)
  - Then

SPEC CHECKSUMS:
  Alamofire: dc44b1600b800eb63da6a19039a0083d62a6a62d
  AlamofireImage: 157ed682cc81d3b9db4fb90c1f12180ac552d93b
  NibDesignable: 6ccf1e54135cb05be0a78f803b9a8d78125a7d6d
  RxCocoa: ccdf43101a70407097a29082f648ba1676075b30
  RxDataSources: a021a0e944ba5f7991259829d973afdbfa719c0b
  RxSwift: 46574f70d416b7923c237195939cc488a7fbf3a0
  SwiftyJSON: c2842d878f95482ffceec5709abc3d05680c0220
  Then: 8496793c8fcac95482b943909b440724c7d8d82c

PODFILE CHECKSUM: 5a49b4b53e77e645ed137877a0a674d76345bba2

COCOAPODS: 1.1.1
