<?xml version="1.0" encoding="UTF-8"?>
<!DOCTYPE plist PUBLIC "-//Apple//DTD PLIST 1.0//EN" "http://www.apple.com/DTDs/PropertyList-1.0.dtd">
<plist version="1.0">
<dict>
	<key>archiveVersion</key>
	<string>1</string>
	<key>classes</key>
	<dict/>
	<key>objectVersion</key>
	<string>46</string>
	<key>objects</key>
	<dict>
		<key>124537E81E4EF57500EE4078</key>
		<dict>
			<key>fileEncoding</key>
			<string>4</string>
			<key>isa</key>
			<string>PBXFileReference</string>
			<key>lastKnownFileType</key>
			<string>sourcecode.swift</string>
			<key>path</key>
			<string>IssueListViewModel.swift</string>
			<key>sourceTree</key>
			<string>&lt;group&gt;</string>
		</dict>
		<key>124537E91E4EF57500EE4078</key>
		<dict>
			<key>fileRef</key>
			<string>124537E81E4EF57500EE4078</string>
			<key>isa</key>
			<string>PBXBuildFile</string>
		</dict>
		<key>124537EA1E4EF8CA00EE4078</key>
		<dict>
			<key>fileEncoding</key>
			<string>4</string>
			<key>isa</key>
			<string>PBXFileReference</string>
			<key>lastKnownFileType</key>
			<string>sourcecode.swift</string>
			<key>path</key>
			<string>IssueCellViewModel.swift</string>
			<key>sourceTree</key>
			<string>&lt;group&gt;</string>
		</dict>
		<key>124537EB1E4EF8CA00EE4078</key>
		<dict>
			<key>fileRef</key>
			<string>124537EA1E4EF8CA00EE4078</string>
			<key>isa</key>
			<string>PBXBuildFile</string>
		</dict>
		<key>124537EC1E4EF93400EE4078</key>
		<dict>
			<key>fileEncoding</key>
			<string>4</string>
			<key>isa</key>
			<string>PBXFileReference</string>
			<key>lastKnownFileType</key>
			<string>sourcecode.swift</string>
			<key>path</key>
			<string>Configurable.swift</string>
			<key>sourceTree</key>
			<string>&lt;group&gt;</string>
		</dict>
		<key>124537ED1E4EF93400EE4078</key>
		<dict>
			<key>fileRef</key>
			<string>124537EC1E4EF93400EE4078</string>
			<key>isa</key>
			<string>PBXBuildFile</string>
		</dict>
		<key>124537EE1E4F04B300EE4078</key>
		<dict>
			<key>fileEncoding</key>
			<string>4</string>
			<key>isa</key>
			<string>PBXFileReference</string>
			<key>lastKnownFileType</key>
			<string>sourcecode.swift</string>
			<key>path</key>
			<string>LayoutAttributable.swift</string>
			<key>sourceTree</key>
			<string>&lt;group&gt;</string>
		</dict>
		<key>124537EF1E4F04B300EE4078</key>
		<dict>
			<key>fileRef</key>
			<string>124537EE1E4F04B300EE4078</string>
			<key>isa</key>
			<string>PBXBuildFile</string>
		</dict>
		<key>126FEBA11E357DD80075D9EF</key>
		<dict>
			<key>children</key>
			<array>
				<string>126FEBA21E357DD80075D9EF</string>
			</array>
			<key>isa</key>
			<string>PBXVariantGroup</string>
			<key>name</key>
			<string>SignIn.storyboard</string>
			<key>sourceTree</key>
			<string>&lt;group&gt;</string>
		</dict>
		<key>126FEBA21E357DD80075D9EF</key>
		<dict>
			<key>isa</key>
			<string>PBXFileReference</string>
			<key>lastKnownFileType</key>
			<string>file.storyboard</string>
			<key>name</key>
			<string>Base</string>
			<key>path</key>
			<string>Base.lproj/SignIn.storyboard</string>
			<key>sourceTree</key>
			<string>&lt;group&gt;</string>
		</dict>
		<key>126FEBA31E357DD80075D9EF</key>
		<dict>
			<key>fileRef</key>
			<string>126FEBA11E357DD80075D9EF</string>
			<key>isa</key>
			<string>PBXBuildFile</string>
		</dict>
		<key>12EB83C71E45A06A00E5698A</key>
		<dict>
			<key>children</key>
			<array>
				<string>12EB83C81E45A06A00E5698A</string>
				<string>12EB83D61E45A06A00E5698A</string>
				<string>12EB83E51E45A06A00E5698A</string>
				<string>12EB83F21E45A06A00E5698A</string>
			</array>
			<key>isa</key>
			<string>PBXGroup</string>
			<key>path</key>
			<string>Src</string>
			<key>sourceTree</key>
			<string>&lt;group&gt;</string>
		</dict>
		<key>12EB83C81E45A06A00E5698A</key>
		<dict>
			<key>children</key>
			<array>
				<string>12EB83CF1E45A06A00E5698A</string>
				<string>12EB83CB1E45A06A00E5698A</string>
				<string>12EB83C91E45A06A00E5698A</string>
				<string>12EB83CA1E45A06A00E5698A</string>
				<string>12EB83D51E45A06A00E5698A</string>
			</array>
			<key>isa</key>
			<string>PBXGroup</string>
			<key>path</key>
			<string>API</string>
			<key>sourceTree</key>
			<string>&lt;group&gt;</string>
		</dict>
		<key>12EB83C91E45A06A00E5698A</key>
		<dict>
			<key>fileEncoding</key>
			<string>4</string>
			<key>isa</key>
			<string>PBXFileReference</string>
			<key>lastKnownFileType</key>
			<string>sourcecode.swift</string>
			<key>path</key>
			<string>API.swift</string>
			<key>sourceTree</key>
			<string>&lt;group&gt;</string>
		</dict>
		<key>12EB83CA1E45A06A00E5698A</key>
		<dict>
			<key>fileEncoding</key>
			<string>4</string>
			<key>isa</key>
			<string>PBXFileReference</string>
			<key>lastKnownFileType</key>
			<string>sourcecode.swift</string>
			<key>path</key>
			<string>Config+Router.swift</string>
			<key>sourceTree</key>
			<string>&lt;group&gt;</string>
		</dict>
		<key>12EB83CB1E45A06A00E5698A</key>
		<dict>
			<key>children</key>
			<array>
				<string>12EB83CC1E45A06A00E5698A</string>
				<string>12EB83CD1E45A06A00E5698A</string>
				<string>12EB83CE1E45A06A00E5698A</string>
			</array>
			<key>isa</key>
			<string>PBXGroup</string>
			<key>path</key>
			<string>DataObject</string>
			<key>sourceTree</key>
			<string>&lt;group&gt;</string>
		</dict>
		<key>12EB83CC1E45A06A00E5698A</key>
		<dict>
			<key>fileEncoding</key>
			<string>4</string>
			<key>isa</key>
			<string>PBXFileReference</string>
			<key>lastKnownFileType</key>
			<string>sourcecode.swift</string>
			<key>path</key>
			<string>Comment.swift</string>
			<key>sourceTree</key>
			<string>&lt;group&gt;</string>
		</dict>
		<key>12EB83CD1E45A06A00E5698A</key>
		<dict>
			<key>fileEncoding</key>
			<string>4</string>
			<key>isa</key>
			<string>PBXFileReference</string>
			<key>lastKnownFileType</key>
			<string>sourcecode.swift</string>
			<key>path</key>
			<string>Issue.swift</string>
			<key>sourceTree</key>
			<string>&lt;group&gt;</string>
		</dict>
		<key>12EB83CE1E45A06A00E5698A</key>
		<dict>
			<key>fileEncoding</key>
			<string>4</string>
			<key>isa</key>
			<string>PBXFileReference</string>
			<key>lastKnownFileType</key>
			<string>sourcecode.swift</string>
			<key>path</key>
			<string>User.swift</string>
			<key>sourceTree</key>
			<string>&lt;group&gt;</string>
		</dict>
		<key>12EB83CF1E45A06A00E5698A</key>
		<dict>
			<key>children</key>
			<array>
				<string>12EB83D01E45A06A00E5698A</string>
				<string>12EB83D21E45A06A00E5698A</string>
			</array>
			<key>isa</key>
			<string>PBXGroup</string>
			<key>path</key>
			<string>Model</string>
			<key>sourceTree</key>
			<string>&lt;group&gt;</string>
		</dict>
		<key>12EB83D01E45A06A00E5698A</key>
		<dict>
			<key>children</key>
			<array>
				<string>12EB83D11E45A06A00E5698A</string>
			</array>
			<key>isa</key>
			<string>PBXGroup</string>
			<key>path</key>
			<string>Comment</string>
			<key>sourceTree</key>
			<string>&lt;group&gt;</string>
		</dict>
		<key>12EB83D11E45A06A00E5698A</key>
		<dict>
			<key>fileEncoding</key>
			<string>4</string>
			<key>isa</key>
			<string>PBXFileReference</string>
			<key>lastKnownFileType</key>
			<string>sourcecode.swift</string>
			<key>path</key>
			<string>CommentsModel.swift</string>
			<key>sourceTree</key>
			<string>&lt;group&gt;</string>
		</dict>
		<key>12EB83D21E45A06A00E5698A</key>
		<dict>
			<key>children</key>
			<array>
				<string>12EB83D31E45A06A00E5698A</string>
				<string>12EB83D41E45A06A00E5698A</string>
			</array>
			<key>isa</key>
			<string>PBXGroup</string>
			<key>path</key>
			<string>Issue</string>
			<key>sourceTree</key>
			<string>&lt;group&gt;</string>
		</dict>
		<key>12EB83D31E45A06A00E5698A</key>
		<dict>
			<key>fileEncoding</key>
			<string>4</string>
			<key>isa</key>
			<string>PBXFileReference</string>
			<key>lastKnownFileType</key>
			<string>sourcecode.swift</string>
			<key>path</key>
			<string>IssueModel.swift</string>
			<key>sourceTree</key>
			<string>&lt;group&gt;</string>
		</dict>
		<key>12EB83D41E45A06A00E5698A</key>
		<dict>
			<key>fileEncoding</key>
			<string>4</string>
			<key>isa</key>
			<string>PBXFileReference</string>
			<key>lastKnownFileType</key>
			<string>sourcecode.swift</string>
			<key>path</key>
			<string>IssuesModel.swift</string>
			<key>sourceTree</key>
			<string>&lt;group&gt;</string>
		</dict>
		<key>12EB83D51E45A06A00E5698A</key>
		<dict>
			<key>fileEncoding</key>
			<string>4</string>
			<key>isa</key>
			<string>PBXFileReference</string>
			<key>lastKnownFileType</key>
			<string>sourcecode.swift</string>
			<key>path</key>
			<string>Router.swift</string>
			<key>sourceTree</key>
			<string>&lt;group&gt;</string>
		</dict>
		<key>12EB83D61E45A06A00E5698A</key>
		<dict>
			<key>children</key>
			<array>
				<string>12EB83D71E45A06A00E5698A</string>
				<string>12EB83DF1E45A06A00E5698A</string>
				<string>12EB83E11E45A06A00E5698A</string>
			</array>
			<key>isa</key>
			<string>PBXGroup</string>
			<key>path</key>
			<string>Common</string>
			<key>sourceTree</key>
			<string>&lt;group&gt;</string>
		</dict>
		<key>12EB83D71E45A06A00E5698A</key>
		<dict>
			<key>children</key>
			<array>
				<string>12EB83D81E45A06A00E5698A</string>
				<string>12EB83DA1E45A06A00E5698A</string>
				<string>12EB83DD1E45A06A00E5698A</string>
			</array>
			<key>isa</key>
			<string>PBXGroup</string>
			<key>path</key>
			<string>Extension</string>
			<key>sourceTree</key>
			<string>&lt;group&gt;</string>
		</dict>
		<key>12EB83D81E45A06A00E5698A</key>
		<dict>
			<key>children</key>
			<array>
				<string>12EB83D91E45A06A00E5698A</string>
			</array>
			<key>isa</key>
			<string>PBXGroup</string>
			<key>path</key>
			<string>Alamofire</string>
			<key>sourceTree</key>
			<string>&lt;group&gt;</string>
		</dict>
		<key>12EB83D91E45A06A00E5698A</key>
		<dict>
			<key>fileEncoding</key>
			<string>4</string>
			<key>isa</key>
			<string>PBXFileReference</string>
			<key>lastKnownFileType</key>
			<string>sourcecode.swift</string>
			<key>path</key>
			<string>DataRequest+Extension.swift</string>
			<key>sourceTree</key>
			<string>&lt;group&gt;</string>
		</dict>
		<key>12EB83DA1E45A06A00E5698A</key>
		<dict>
			<key>children</key>
			<array>
				<string>12EB83DB1E45A06A00E5698A</string>
				<string>12EB83DC1E45A06A00E5698A</string>
			</array>
			<key>isa</key>
			<string>PBXGroup</string>
			<key>path</key>
			<string>Foundation</string>
			<key>sourceTree</key>
			<string>&lt;group&gt;</string>
		</dict>
		<key>12EB83DB1E45A06A00E5698A</key>
		<dict>
			<key>fileEncoding</key>
			<string>4</string>
			<key>isa</key>
			<string>PBXFileReference</string>
			<key>lastKnownFileType</key>
			<string>sourcecode.swift</string>
			<key>path</key>
			<string>Collection+Extension.swift</string>
			<key>sourceTree</key>
			<string>&lt;group&gt;</string>
		</dict>
		<key>12EB83DC1E45A06A00E5698A</key>
		<dict>
			<key>fileEncoding</key>
			<string>4</string>
			<key>isa</key>
			<string>PBXFileReference</string>
			<key>lastKnownFileType</key>
			<string>sourcecode.swift</string>
			<key>path</key>
			<string>Date+Extension.swift</string>
			<key>sourceTree</key>
			<string>&lt;group&gt;</string>
		</dict>
		<key>12EB83DD1E45A06A00E5698A</key>
		<dict>
			<key>children</key>
			<array>
				<string>12EB83DE1E45A06A00E5698A</string>
			</array>
			<key>isa</key>
			<string>PBXGroup</string>
			<key>path</key>
			<string>UIKit</string>
			<key>sourceTree</key>
			<string>&lt;group&gt;</string>
		</dict>
		<key>12EB83DE1E45A06A00E5698A</key>
		<dict>
			<key>fileEncoding</key>
			<string>4</string>
			<key>isa</key>
			<string>PBXFileReference</string>
			<key>lastKnownFileType</key>
			<string>sourcecode.swift</string>
			<key>path</key>
			<string>UIColor+Extension.swift</string>
			<key>sourceTree</key>
			<string>&lt;group&gt;</string>
		</dict>
		<key>12EB83DF1E45A06A00E5698A</key>
		<dict>
			<key>children</key>
			<array>
				<string>12EB83E01E45A06A00E5698A</string>
				<string>124537EC1E4EF93400EE4078</string>
				<string>124537EE1E4F04B300EE4078</string>
			</array>
			<key>isa</key>
			<string>PBXGroup</string>
			<key>path</key>
			<string>Util</string>
			<key>sourceTree</key>
			<string>&lt;group&gt;</string>
		</dict>
		<key>12EB83E01E45A06A00E5698A</key>
		<dict>
			<key>fileEncoding</key>
			<string>4</string>
			<key>isa</key>
			<string>PBXFileReference</string>
			<key>lastKnownFileType</key>
			<string>sourcecode.swift</string>
			<key>path</key>
			<string>KeyboardInfo.swift</string>
			<key>sourceTree</key>
			<string>&lt;group&gt;</string>
		</dict>
		<key>12EB83E11E45A06A00E5698A</key>
		<dict>
			<key>children</key>
			<array>
				<string>12EB83E21E45A06A00E5698A</string>
				<string>12EB83E31E45A06A00E5698A</string>
			</array>
			<key>isa</key>
			<string>PBXGroup</string>
			<key>path</key>
			<string>View</string>
			<key>sourceTree</key>
			<string>&lt;group&gt;</string>
		</dict>
		<key>12EB83E21E45A06A00E5698A</key>
		<dict>
			<key>fileEncoding</key>
			<string>4</string>
			<key>isa</key>
			<string>PBXFileReference</string>
			<key>lastKnownFileType</key>
			<string>sourcecode.swift</string>
			<key>path</key>
			<string>HDCollectionView.swift</string>
			<key>sourceTree</key>
			<string>&lt;group&gt;</string>
		</dict>
		<key>12EB83E31E45A06A00E5698A</key>
		<dict>
			<key>fileEncoding</key>
			<string>4</string>
			<key>isa</key>
			<string>PBXFileReference</string>
			<key>lastKnownFileType</key>
			<string>sourcecode.swift</string>
			<key>path</key>
			<string>LayoutMarginLabel.swift</string>
			<key>sourceTree</key>
			<string>&lt;group&gt;</string>
		</dict>
		<key>12EB83E51E45A06A00E5698A</key>
		<dict>
			<key>children</key>
			<array>
				<string>12EB83E61E45A06A00E5698A</string>
				<string>12EB83F01E45A06A00E5698A</string>
			</array>
			<key>isa</key>
			<string>PBXGroup</string>
			<key>path</key>
			<string>Controller</string>
			<key>sourceTree</key>
			<string>&lt;group&gt;</string>
		</dict>
		<key>12EB83E61E45A06A00E5698A</key>
		<dict>
			<key>children</key>
			<array>
				<string>12EB83E71E45A06A00E5698A</string>
				<string>124537E81E4EF57500EE4078</string>
				<string>12EB83E81E45A06A00E5698A</string>
				<string>12EB83E91E45A06A00E5698A</string>
				<string>12EB83EE1E45A06A00E5698A</string>
			</array>
			<key>isa</key>
			<string>PBXGroup</string>
			<key>path</key>
			<string>Main</string>
			<key>sourceTree</key>
			<string>&lt;group&gt;</string>
		</dict>
		<key>12EB83E71E45A06A00E5698A</key>
		<dict>
			<key>fileEncoding</key>
			<string>4</string>
			<key>isa</key>
			<string>PBXFileReference</string>
			<key>lastKnownFileType</key>
			<string>sourcecode.swift</string>
			<key>path</key>
			<string>IssueDetailViewController.swift</string>
			<key>sourceTree</key>
			<string>&lt;group&gt;</string>
		</dict>
		<key>12EB83E81E45A06A00E5698A</key>
		<dict>
			<key>fileEncoding</key>
			<string>4</string>
			<key>isa</key>
			<string>PBXFileReference</string>
			<key>lastKnownFileType</key>
			<string>sourcecode.swift</string>
			<key>path</key>
			<string>IssueListViewController.swift</string>
			<key>sourceTree</key>
			<string>&lt;group&gt;</string>
		</dict>
		<key>12EB83E91E45A06A00E5698A</key>
		<dict>
			<key>children</key>
			<array>
				<string>124537EA1E4EF8CA00EE4078</string>
				<string>12EB83EA1E45A06A00E5698A</string>
				<string>12EB83EB1E45A06A00E5698A</string>
				<string>12EB83EC1E45A06A00E5698A</string>
				<string>12EB83ED1E45A06A00E5698A</string>
			</array>
			<key>isa</key>
			<string>PBXGroup</string>
			<key>path</key>
			<string>Nib</string>
			<key>sourceTree</key>
			<string>&lt;group&gt;</string>
		</dict>
		<key>12EB83EA1E45A06A00E5698A</key>
		<dict>
			<key>fileEncoding</key>
			<string>4</string>
			<key>isa</key>
			<string>PBXFileReference</string>
			<key>lastKnownFileType</key>
			<string>sourcecode.swift</string>
			<key>path</key>
			<string>IssueCell.swift</string>
			<key>sourceTree</key>
			<string>&lt;group&gt;</string>
		</dict>
		<key>12EB83EB1E45A06A00E5698A</key>
		<dict>
			<key>fileEncoding</key>
			<string>4</string>
			<key>isa</key>
			<string>PBXFileReference</string>
			<key>lastKnownFileType</key>
			<string>file.xib</string>
			<key>path</key>
			<string>IssueCell.xib</string>
			<key>sourceTree</key>
			<string>&lt;group&gt;</string>
		</dict>
		<key>12EB83EC1E45A06A00E5698A</key>
		<dict>
			<key>fileEncoding</key>
			<string>4</string>
			<key>isa</key>
			<string>PBXFileReference</string>
			<key>lastKnownFileType</key>
			<string>sourcecode.swift</string>
			<key>path</key>
			<string>IssueCommentCell.swift</string>
			<key>sourceTree</key>
			<string>&lt;group&gt;</string>
		</dict>
		<key>12EB83ED1E45A06A00E5698A</key>
		<dict>
			<key>fileEncoding</key>
			<string>4</string>
			<key>isa</key>
			<string>PBXFileReference</string>
			<key>lastKnownFileType</key>
			<string>file.xib</string>
			<key>path</key>
			<string>IssueCommentCell.xib</string>
			<key>sourceTree</key>
			<string>&lt;group&gt;</string>
		</dict>
		<key>12EB83EE1E45A06A00E5698A</key>
		<dict>
			<key>children</key>
			<array>
				<string>12EB83EF1E45A06A00E5698A</string>
			</array>
			<key>isa</key>
			<string>PBXGroup</string>
			<key>path</key>
			<string>View</string>
			<key>sourceTree</key>
			<string>&lt;group&gt;</string>
		</dict>
		<key>12EB83EF1E45A06A00E5698A</key>
		<dict>
			<key>fileEncoding</key>
			<string>4</string>
			<key>isa</key>
			<string>PBXFileReference</string>
			<key>lastKnownFileType</key>
			<string>sourcecode.swift</string>
			<key>path</key>
			<string>IssueDetailHeaderView.swift</string>
			<key>sourceTree</key>
			<string>&lt;group&gt;</string>
		</dict>
		<key>12EB83F01E45A06A00E5698A</key>
		<dict>
			<key>children</key>
			<array>
				<string>12EB83F11E45A06A00E5698A</string>
			</array>
			<key>isa</key>
			<string>PBXGroup</string>
			<key>path</key>
			<string>SignIn</string>
			<key>sourceTree</key>
			<string>&lt;group&gt;</string>
		</dict>
		<key>12EB83F11E45A06A00E5698A</key>
		<dict>
			<key>fileEncoding</key>
			<string>4</string>
			<key>isa</key>
			<string>PBXFileReference</string>
			<key>lastKnownFileType</key>
			<string>sourcecode.swift</string>
			<key>path</key>
			<string>SignInViewController.swift</string>
			<key>sourceTree</key>
			<string>&lt;group&gt;</string>
		</dict>
		<key>12EB83F21E45A06A00E5698A</key>
		<dict>
			<key>children</key>
			<array>
				<string>12EB83F31E45A06A00E5698A</string>
				<string>12EB83F41E45A06A00E5698A</string>
				<string>12EB83F81E45A06A00E5698A</string>
			</array>
			<key>isa</key>
			<string>PBXGroup</string>
			<key>path</key>
			<string>MVP</string>
			<key>sourceTree</key>
			<string>&lt;group&gt;</string>
		</dict>
		<key>12EB83F31E45A06A00E5698A</key>
		<dict>
			<key>children</key>
			<array/>
			<key>isa</key>
			<string>PBXGroup</string>
			<key>path</key>
			<string>Model</string>
			<key>sourceTree</key>
			<string>&lt;group&gt;</string>
		</dict>
		<key>12EB83F41E45A06A00E5698A</key>
		<dict>
			<key>children</key>
			<array>
				<string>12EB83F51E45A06A00E5698A</string>
			</array>
			<key>isa</key>
			<string>PBXGroup</string>
			<key>path</key>
			<string>Presenter</string>
			<key>sourceTree</key>
			<string>&lt;group&gt;</string>
		</dict>
		<key>12EB83F51E45A06A00E5698A</key>
		<dict>
			<key>children</key>
			<array>
				<string>12EB83F61E45A06A00E5698A</string>
				<string>12EB83F71E45A06A00E5698A</string>
			</array>
			<key>isa</key>
			<string>PBXGroup</string>
			<key>path</key>
			<string>Main</string>
			<key>sourceTree</key>
			<string>&lt;group&gt;</string>
		</dict>
		<key>12EB83F61E45A06A00E5698A</key>
		<dict>
			<key>fileEncoding</key>
			<string>4</string>
			<key>isa</key>
			<string>PBXFileReference</string>
			<key>lastKnownFileType</key>
			<string>sourcecode.swift</string>
			<key>path</key>
			<string>IssueDetailPresenter.swift</string>
			<key>sourceTree</key>
			<string>&lt;group&gt;</string>
		</dict>
		<key>12EB83F71E45A06A00E5698A</key>
		<dict>
			<key>fileEncoding</key>
			<string>4</string>
			<key>isa</key>
			<string>PBXFileReference</string>
			<key>lastKnownFileType</key>
			<string>sourcecode.swift</string>
			<key>path</key>
			<string>IssueListPresenter.swift</string>
			<key>sourceTree</key>
			<string>&lt;group&gt;</string>
		</dict>
		<key>12EB83F81E45A06A00E5698A</key>
		<dict>
			<key>children</key>
			<array/>
			<key>isa</key>
			<string>PBXGroup</string>
			<key>path</key>
			<string>View</string>
			<key>sourceTree</key>
			<string>&lt;group&gt;</string>
		</dict>
		<key>12EB83F91E45A06A00E5698A</key>
		<dict>
			<key>fileRef</key>
			<string>12EB83C91E45A06A00E5698A</string>
			<key>isa</key>
			<string>PBXBuildFile</string>
		</dict>
		<key>12EB83FA1E45A06A00E5698A</key>
		<dict>
			<key>fileRef</key>
			<string>12EB83CA1E45A06A00E5698A</string>
			<key>isa</key>
			<string>PBXBuildFile</string>
		</dict>
		<key>12EB83FB1E45A06A00E5698A</key>
		<dict>
			<key>fileRef</key>
			<string>12EB83CC1E45A06A00E5698A</string>
			<key>isa</key>
			<string>PBXBuildFile</string>
		</dict>
		<key>12EB83FC1E45A06A00E5698A</key>
		<dict>
			<key>fileRef</key>
			<string>12EB83CD1E45A06A00E5698A</string>
			<key>isa</key>
			<string>PBXBuildFile</string>
		</dict>
		<key>12EB83FD1E45A06A00E5698A</key>
		<dict>
			<key>fileRef</key>
			<string>12EB83CE1E45A06A00E5698A</string>
			<key>isa</key>
			<string>PBXBuildFile</string>
		</dict>
		<key>12EB83FE1E45A06A00E5698A</key>
		<dict>
			<key>fileRef</key>
			<string>12EB83D11E45A06A00E5698A</string>
			<key>isa</key>
			<string>PBXBuildFile</string>
		</dict>
		<key>12EB83FF1E45A06A00E5698A</key>
		<dict>
			<key>fileRef</key>
			<string>12EB83D31E45A06A00E5698A</string>
			<key>isa</key>
			<string>PBXBuildFile</string>
		</dict>
		<key>12EB84001E45A06A00E5698A</key>
		<dict>
			<key>fileRef</key>
			<string>12EB83D41E45A06A00E5698A</string>
			<key>isa</key>
			<string>PBXBuildFile</string>
		</dict>
		<key>12EB84011E45A06A00E5698A</key>
		<dict>
			<key>fileRef</key>
			<string>12EB83D51E45A06A00E5698A</string>
			<key>isa</key>
			<string>PBXBuildFile</string>
		</dict>
		<key>12EB84021E45A06A00E5698A</key>
		<dict>
			<key>fileRef</key>
			<string>12EB83D91E45A06A00E5698A</string>
			<key>isa</key>
			<string>PBXBuildFile</string>
		</dict>
		<key>12EB84031E45A06A00E5698A</key>
		<dict>
			<key>fileRef</key>
			<string>12EB83DB1E45A06A00E5698A</string>
			<key>isa</key>
			<string>PBXBuildFile</string>
		</dict>
		<key>12EB84041E45A06A00E5698A</key>
		<dict>
			<key>fileRef</key>
			<string>12EB83DC1E45A06A00E5698A</string>
			<key>isa</key>
			<string>PBXBuildFile</string>
		</dict>
		<key>12EB84051E45A06A00E5698A</key>
		<dict>
			<key>fileRef</key>
			<string>12EB83DE1E45A06A00E5698A</string>
			<key>isa</key>
			<string>PBXBuildFile</string>
		</dict>
		<key>12EB84061E45A06A00E5698A</key>
		<dict>
			<key>fileRef</key>
			<string>12EB83E01E45A06A00E5698A</string>
			<key>isa</key>
			<string>PBXBuildFile</string>
		</dict>
		<key>12EB84071E45A06A00E5698A</key>
		<dict>
			<key>fileRef</key>
			<string>12EB83E21E45A06A00E5698A</string>
			<key>isa</key>
			<string>PBXBuildFile</string>
		</dict>
		<key>12EB84081E45A06A00E5698A</key>
		<dict>
			<key>fileRef</key>
			<string>12EB83E31E45A06A00E5698A</string>
			<key>isa</key>
			<string>PBXBuildFile</string>
		</dict>
		<key>12EB840A1E45A06A00E5698A</key>
		<dict>
			<key>fileRef</key>
			<string>12EB83E71E45A06A00E5698A</string>
			<key>isa</key>
			<string>PBXBuildFile</string>
		</dict>
		<key>12EB840B1E45A06A00E5698A</key>
		<dict>
			<key>fileRef</key>
			<string>12EB83E81E45A06A00E5698A</string>
			<key>isa</key>
			<string>PBXBuildFile</string>
		</dict>
		<key>12EB840C1E45A06A00E5698A</key>
		<dict>
			<key>fileRef</key>
			<string>12EB83EA1E45A06A00E5698A</string>
			<key>isa</key>
			<string>PBXBuildFile</string>
		</dict>
		<key>12EB840D1E45A06A00E5698A</key>
		<dict>
			<key>fileRef</key>
			<string>12EB83EB1E45A06A00E5698A</string>
			<key>isa</key>
			<string>PBXBuildFile</string>
		</dict>
		<key>12EB840E1E45A06A00E5698A</key>
		<dict>
			<key>fileRef</key>
			<string>12EB83EC1E45A06A00E5698A</string>
			<key>isa</key>
			<string>PBXBuildFile</string>
		</dict>
		<key>12EB840F1E45A06A00E5698A</key>
		<dict>
			<key>fileRef</key>
			<string>12EB83ED1E45A06A00E5698A</string>
			<key>isa</key>
			<string>PBXBuildFile</string>
		</dict>
		<key>12EB84101E45A06A00E5698A</key>
		<dict>
			<key>fileRef</key>
			<string>12EB83EF1E45A06A00E5698A</string>
			<key>isa</key>
			<string>PBXBuildFile</string>
		</dict>
		<key>12EB84111E45A06A00E5698A</key>
		<dict>
			<key>fileRef</key>
			<string>12EB83F11E45A06A00E5698A</string>
			<key>isa</key>
			<string>PBXBuildFile</string>
		</dict>
		<key>12EB84121E45A06A00E5698A</key>
		<dict>
			<key>fileRef</key>
			<string>12EB83F61E45A06A00E5698A</string>
			<key>isa</key>
			<string>PBXBuildFile</string>
		</dict>
		<key>12EB84131E45A06A00E5698A</key>
		<dict>
			<key>fileRef</key>
			<string>12EB83F71E45A06A00E5698A</string>
			<key>isa</key>
			<string>PBXBuildFile</string>
		</dict>
		<key>2AA3EF8FE28E8A26B879B271</key>
		<dict>
			<key>includeInIndex</key>
			<string>1</string>
			<key>isa</key>
			<string>PBXFileReference</string>
			<key>lastKnownFileType</key>
			<string>text.xcconfig</string>
			<key>name</key>
			<string>Pods-TaewanArchitectureStudy.release.xcconfig</string>
			<key>path</key>
			<string>Pods/Target Support Files/Pods-TaewanArchitectureStudy/Pods-TaewanArchitectureStudy.release.xcconfig</string>
			<key>sourceTree</key>
			<string>&lt;group&gt;</string>
		</dict>
		<key>3247F1AC1E1F257800B5CD73</key>
		<dict>
			<key>children</key>
			<array>
				<string>3247F1B71E1F257800B5CD73</string>
				<string>3247F1B61E1F257800B5CD73</string>
				<string>B0F3BE1ACC913164EAC5716C</string>
				<string>A266582BB3CBA8713DBE5435</string>
			</array>
			<key>isa</key>
			<string>PBXGroup</string>
			<key>sourceTree</key>
			<string>&lt;group&gt;</string>
		</dict>
		<key>3247F1AD1E1F257800B5CD73</key>
		<dict>
			<key>attributes</key>
			<dict>
				<key>LastSwiftUpdateCheck</key>
				<string>0820</string>
				<key>LastUpgradeCheck</key>
				<string>0820</string>
				<key>ORGANIZATIONNAME</key>
				<string>taewankim</string>
				<key>TargetAttributes</key>
				<dict>
					<key>3247F1B41E1F257800B5CD73</key>
					<dict>
						<key>CreatedOnToolsVersion</key>
						<string>8.2</string>
						<key>DevelopmentTeam</key>
						<string>C8LLTKJ2XT</string>
						<key>ProvisioningStyle</key>
						<string>Automatic</string>
					</dict>
				</dict>
			</dict>
			<key>buildConfigurationList</key>
			<string>3247F1B01E1F257800B5CD73</string>
			<key>compatibilityVersion</key>
			<string>Xcode 3.2</string>
			<key>developmentRegion</key>
			<string>English</string>
			<key>hasScannedForEncodings</key>
			<string>0</string>
			<key>isa</key>
			<string>PBXProject</string>
			<key>knownRegions</key>
			<array>
				<string>en</string>
				<string>Base</string>
			</array>
			<key>mainGroup</key>
			<string>3247F1AC1E1F257800B5CD73</string>
			<key>productRefGroup</key>
			<string>3247F1B61E1F257800B5CD73</string>
			<key>projectDirPath</key>
			<string></string>
			<key>projectReferences</key>
			<array/>
			<key>projectRoot</key>
			<string></string>
			<key>targets</key>
			<array>
				<string>3247F1B41E1F257800B5CD73</string>
			</array>
		</dict>
		<key>3247F1B01E1F257800B5CD73</key>
		<dict>
			<key>buildConfigurations</key>
			<array>
				<string>3247F1C51E1F257800B5CD73</string>
				<string>3247F1C61E1F257800B5CD73</string>
			</array>
			<key>defaultConfigurationIsVisible</key>
			<string>0</string>
			<key>defaultConfigurationName</key>
			<string>Release</string>
			<key>isa</key>
			<string>XCConfigurationList</string>
		</dict>
		<key>3247F1B11E1F257800B5CD73</key>
		<dict>
			<key>buildActionMask</key>
			<string>2147483647</string>
			<key>files</key>
			<array>
				<string>124537EB1E4EF8CA00EE4078</string>
				<string>12EB83FC1E45A06A00E5698A</string>
				<string>12EB84031E45A06A00E5698A</string>
				<string>12EB84041E45A06A00E5698A</string>
				<string>12EB83F91E45A06A00E5698A</string>
				<string>12EB84071E45A06A00E5698A</string>
				<string>12EB84011E45A06A00E5698A</string>
				<string>12EB83FD1E45A06A00E5698A</string>
				<string>3247F1B91E1F257800B5CD73</string>
				<string>12EB84051E45A06A00E5698A</string>
				<string>124537ED1E4EF93400EE4078</string>
				<string>12EB840E1E45A06A00E5698A</string>
				<string>12EB83FA1E45A06A00E5698A</string>
				<string>12EB84101E45A06A00E5698A</string>
				<string>124537EF1E4F04B300EE4078</string>
				<string>12EB83FF1E45A06A00E5698A</string>
				<string>12EB84001E45A06A00E5698A</string>
				<string>12EB840B1E45A06A00E5698A</string>
				<string>12EB83FE1E45A06A00E5698A</string>
				<string>12EB83FB1E45A06A00E5698A</string>
				<string>124537E91E4EF57500EE4078</string>
				<string>12EB84081E45A06A00E5698A</string>
				<string>12EB840A1E45A06A00E5698A</string>
				<string>12EB84021E45A06A00E5698A</string>
				<string>12EB84111E45A06A00E5698A</string>
				<string>12EB84061E45A06A00E5698A</string>
				<string>12EB84131E45A06A00E5698A</string>
				<string>12EB84121E45A06A00E5698A</string>
				<string>12EB840C1E45A06A00E5698A</string>
			</array>
			<key>isa</key>
			<string>PBXSourcesBuildPhase</string>
			<key>runOnlyForDeploymentPostprocessing</key>
			<string>0</string>
		</dict>
		<key>3247F1B21E1F257800B5CD73</key>
		<dict>
			<key>buildActionMask</key>
			<string>2147483647</string>
			<key>files</key>
			<array>
				<string>C294DC199F5C24F606EFD5E1</string>
			</array>
			<key>isa</key>
			<string>PBXFrameworksBuildPhase</string>
			<key>runOnlyForDeploymentPostprocessing</key>
			<string>0</string>
		</dict>
		<key>3247F1B31E1F257800B5CD73</key>
		<dict>
			<key>buildActionMask</key>
			<string>2147483647</string>
			<key>files</key>
			<array>
				<string>3247F1C31E1F257800B5CD73</string>
				<string>12EB840F1E45A06A00E5698A</string>
				<string>12EB840D1E45A06A00E5698A</string>
				<string>3247F1C01E1F257800B5CD73</string>
				<string>3247F1BE1E1F257800B5CD73</string>
				<string>126FEBA31E357DD80075D9EF</string>
			</array>
			<key>isa</key>
			<string>PBXResourcesBuildPhase</string>
			<key>runOnlyForDeploymentPostprocessing</key>
			<string>0</string>
		</dict>
		<key>3247F1B41E1F257800B5CD73</key>
		<dict>
			<key>buildConfigurationList</key>
			<string>3247F1C71E1F257800B5CD73</string>
			<key>buildPhases</key>
			<array>
				<string>D0EF1C46F32D59CB01B6EA73</string>
				<string>3247F1B11E1F257800B5CD73</string>
				<string>3247F1B21E1F257800B5CD73</string>
				<string>3247F1B31E1F257800B5CD73</string>
				<string>6C5141F4EBC59B0055EAE4FE</string>
				<string>DA882B03FCBFA11D7B4412A4</string>
			</array>
			<key>buildRules</key>
			<array/>
			<key>dependencies</key>
			<array/>
			<key>isa</key>
			<string>PBXNativeTarget</string>
			<key>name</key>
			<string>TaewanArchitectureStudy</string>
			<key>productName</key>
			<string>TaewanArchitectureStudy</string>
			<key>productReference</key>
			<string>3247F1B51E1F257800B5CD73</string>
			<key>productType</key>
			<string>com.apple.product-type.application</string>
		</dict>
		<key>3247F1B51E1F257800B5CD73</key>
		<dict>
			<key>explicitFileType</key>
			<string>wrapper.application</string>
			<key>includeInIndex</key>
			<string>0</string>
			<key>isa</key>
			<string>PBXFileReference</string>
			<key>path</key>
			<string>TaewanArchitectureStudy.app</string>
			<key>sourceTree</key>
			<string>BUILT_PRODUCTS_DIR</string>
		</dict>
		<key>3247F1B61E1F257800B5CD73</key>
		<dict>
			<key>children</key>
			<array>
				<string>3247F1B51E1F257800B5CD73</string>
			</array>
			<key>isa</key>
			<string>PBXGroup</string>
			<key>name</key>
			<string>Products</string>
			<key>sourceTree</key>
			<string>&lt;group&gt;</string>
		</dict>
		<key>3247F1B71E1F257800B5CD73</key>
		<dict>
			<key>children</key>
			<array>
				<string>12EB83C71E45A06A00E5698A</string>
				<string>3247F1B81E1F257800B5CD73</string>
				<string>126FEBA11E357DD80075D9EF</string>
				<string>3247F1BC1E1F257800B5CD73</string>
				<string>3247F1BF1E1F257800B5CD73</string>
				<string>3247F1C11E1F257800B5CD73</string>
				<string>3247F1C41E1F257800B5CD73</string>
			</array>
			<key>isa</key>
			<string>PBXGroup</string>
			<key>path</key>
			<string>TaewanArchitectureStudy</string>
			<key>sourceTree</key>
			<string>&lt;group&gt;</string>
		</dict>
		<key>3247F1B81E1F257800B5CD73</key>
		<dict>
			<key>isa</key>
			<string>PBXFileReference</string>
			<key>lastKnownFileType</key>
			<string>sourcecode.swift</string>
			<key>path</key>
			<string>AppDelegate.swift</string>
			<key>sourceTree</key>
			<string>&lt;group&gt;</string>
		</dict>
		<key>3247F1B91E1F257800B5CD73</key>
		<dict>
			<key>fileRef</key>
			<string>3247F1B81E1F257800B5CD73</string>
			<key>isa</key>
			<string>PBXBuildFile</string>
		</dict>
		<key>3247F1BC1E1F257800B5CD73</key>
		<dict>
			<key>children</key>
			<array>
				<string>3247F1BD1E1F257800B5CD73</string>
			</array>
			<key>isa</key>
			<string>PBXVariantGroup</string>
			<key>name</key>
			<string>Main.storyboard</string>
			<key>sourceTree</key>
			<string>&lt;group&gt;</string>
		</dict>
		<key>3247F1BD1E1F257800B5CD73</key>
		<dict>
			<key>isa</key>
			<string>PBXFileReference</string>
			<key>lastKnownFileType</key>
			<string>file.storyboard</string>
			<key>name</key>
			<string>Base</string>
			<key>path</key>
			<string>Base.lproj/Main.storyboard</string>
			<key>sourceTree</key>
			<string>&lt;group&gt;</string>
		</dict>
		<key>3247F1BE1E1F257800B5CD73</key>
		<dict>
			<key>fileRef</key>
			<string>3247F1BC1E1F257800B5CD73</string>
			<key>isa</key>
			<string>PBXBuildFile</string>
		</dict>
		<key>3247F1BF1E1F257800B5CD73</key>
		<dict>
			<key>isa</key>
			<string>PBXFileReference</string>
			<key>lastKnownFileType</key>
			<string>folder.assetcatalog</string>
			<key>path</key>
			<string>Assets.xcassets</string>
			<key>sourceTree</key>
			<string>&lt;group&gt;</string>
		</dict>
		<key>3247F1C01E1F257800B5CD73</key>
		<dict>
			<key>fileRef</key>
			<string>3247F1BF1E1F257800B5CD73</string>
			<key>isa</key>
			<string>PBXBuildFile</string>
		</dict>
		<key>3247F1C11E1F257800B5CD73</key>
		<dict>
			<key>children</key>
			<array>
				<string>3247F1C21E1F257800B5CD73</string>
			</array>
			<key>isa</key>
			<string>PBXVariantGroup</string>
			<key>name</key>
			<string>LaunchScreen.storyboard</string>
			<key>sourceTree</key>
			<string>&lt;group&gt;</string>
		</dict>
		<key>3247F1C21E1F257800B5CD73</key>
		<dict>
			<key>isa</key>
			<string>PBXFileReference</string>
			<key>lastKnownFileType</key>
			<string>file.storyboard</string>
			<key>name</key>
			<string>Base</string>
			<key>path</key>
			<string>Base.lproj/LaunchScreen.storyboard</string>
			<key>sourceTree</key>
			<string>&lt;group&gt;</string>
		</dict>
		<key>3247F1C31E1F257800B5CD73</key>
		<dict>
			<key>fileRef</key>
			<string>3247F1C11E1F257800B5CD73</string>
			<key>isa</key>
			<string>PBXBuildFile</string>
		</dict>
		<key>3247F1C41E1F257800B5CD73</key>
		<dict>
			<key>isa</key>
			<string>PBXFileReference</string>
			<key>lastKnownFileType</key>
			<string>text.plist.xml</string>
			<key>path</key>
			<string>Info.plist</string>
			<key>sourceTree</key>
			<string>&lt;group&gt;</string>
		</dict>
		<key>3247F1C51E1F257800B5CD73</key>
		<dict>
			<key>buildSettings</key>
			<dict>
				<key>ALWAYS_SEARCH_USER_PATHS</key>
				<string>NO</string>
				<key>CLANG_ANALYZER_NONNULL</key>
				<string>YES</string>
				<key>CLANG_CXX_LANGUAGE_STANDARD</key>
				<string>gnu++0x</string>
				<key>CLANG_CXX_LIBRARY</key>
				<string>libc++</string>
				<key>CLANG_ENABLE_MODULES</key>
				<string>YES</string>
				<key>CLANG_ENABLE_OBJC_ARC</key>
				<string>YES</string>
				<key>CLANG_WARN_BOOL_CONVERSION</key>
				<string>YES</string>
				<key>CLANG_WARN_CONSTANT_CONVERSION</key>
				<string>YES</string>
				<key>CLANG_WARN_DIRECT_OBJC_ISA_USAGE</key>
				<string>YES_ERROR</string>
				<key>CLANG_WARN_DOCUMENTATION_COMMENTS</key>
				<string>YES</string>
				<key>CLANG_WARN_EMPTY_BODY</key>
				<string>YES</string>
				<key>CLANG_WARN_ENUM_CONVERSION</key>
				<string>YES</string>
				<key>CLANG_WARN_INFINITE_RECURSION</key>
				<string>YES</string>
				<key>CLANG_WARN_INT_CONVERSION</key>
				<string>YES</string>
				<key>CLANG_WARN_OBJC_ROOT_CLASS</key>
				<string>YES_ERROR</string>
				<key>CLANG_WARN_SUSPICIOUS_MOVE</key>
				<string>YES</string>
				<key>CLANG_WARN_UNREACHABLE_CODE</key>
				<string>YES</string>
				<key>CLANG_WARN__DUPLICATE_METHOD_MATCH</key>
				<string>YES</string>
				<key>CODE_SIGN_IDENTITY[sdk=iphoneos*]</key>
				<string>iPhone Developer</string>
				<key>COPY_PHASE_STRIP</key>
				<string>NO</string>
				<key>DEBUG_INFORMATION_FORMAT</key>
				<string>dwarf</string>
				<key>ENABLE_STRICT_OBJC_MSGSEND</key>
				<string>YES</string>
				<key>ENABLE_TESTABILITY</key>
				<string>YES</string>
				<key>GCC_C_LANGUAGE_STANDARD</key>
				<string>gnu99</string>
				<key>GCC_DYNAMIC_NO_PIC</key>
				<string>NO</string>
				<key>GCC_NO_COMMON_BLOCKS</key>
				<string>YES</string>
				<key>GCC_OPTIMIZATION_LEVEL</key>
				<string>0</string>
				<key>GCC_PREPROCESSOR_DEFINITIONS</key>
				<array>
					<string>DEBUG=1</string>
					<string>$(inherited)</string>
				</array>
				<key>GCC_WARN_64_TO_32_BIT_CONVERSION</key>
				<string>YES</string>
				<key>GCC_WARN_ABOUT_RETURN_TYPE</key>
				<string>YES_ERROR</string>
				<key>GCC_WARN_UNDECLARED_SELECTOR</key>
				<string>YES</string>
				<key>GCC_WARN_UNINITIALIZED_AUTOS</key>
				<string>YES_AGGRESSIVE</string>
				<key>GCC_WARN_UNUSED_FUNCTION</key>
				<string>YES</string>
				<key>GCC_WARN_UNUSED_VARIABLE</key>
				<string>YES</string>
				<key>IPHONEOS_DEPLOYMENT_TARGET</key>
				<string>10.2</string>
				<key>MTL_ENABLE_DEBUG_INFO</key>
				<string>YES</string>
				<key>ONLY_ACTIVE_ARCH</key>
				<string>YES</string>
				<key>SDKROOT</key>
				<string>iphoneos</string>
				<key>SWIFT_ACTIVE_COMPILATION_CONDITIONS</key>
				<string>DEBUG</string>
				<key>SWIFT_OPTIMIZATION_LEVEL</key>
				<string>-Onone</string>
			</dict>
			<key>isa</key>
			<string>XCBuildConfiguration</string>
			<key>name</key>
			<string>Debug</string>
		</dict>
		<key>3247F1C61E1F257800B5CD73</key>
		<dict>
			<key>buildSettings</key>
			<dict>
				<key>ALWAYS_SEARCH_USER_PATHS</key>
				<string>NO</string>
				<key>CLANG_ANALYZER_NONNULL</key>
				<string>YES</string>
				<key>CLANG_CXX_LANGUAGE_STANDARD</key>
				<string>gnu++0x</string>
				<key>CLANG_CXX_LIBRARY</key>
				<string>libc++</string>
				<key>CLANG_ENABLE_MODULES</key>
				<string>YES</string>
				<key>CLANG_ENABLE_OBJC_ARC</key>
				<string>YES</string>
				<key>CLANG_WARN_BOOL_CONVERSION</key>
				<string>YES</string>
				<key>CLANG_WARN_CONSTANT_CONVERSION</key>
				<string>YES</string>
				<key>CLANG_WARN_DIRECT_OBJC_ISA_USAGE</key>
				<string>YES_ERROR</string>
				<key>CLANG_WARN_DOCUMENTATION_COMMENTS</key>
				<string>YES</string>
				<key>CLANG_WARN_EMPTY_BODY</key>
				<string>YES</string>
				<key>CLANG_WARN_ENUM_CONVERSION</key>
				<string>YES</string>
				<key>CLANG_WARN_INFINITE_RECURSION</key>
				<string>YES</string>
				<key>CLANG_WARN_INT_CONVERSION</key>
				<string>YES</string>
				<key>CLANG_WARN_OBJC_ROOT_CLASS</key>
				<string>YES_ERROR</string>
				<key>CLANG_WARN_SUSPICIOUS_MOVE</key>
				<string>YES</string>
				<key>CLANG_WARN_UNREACHABLE_CODE</key>
				<string>YES</string>
				<key>CLANG_WARN__DUPLICATE_METHOD_MATCH</key>
				<string>YES</string>
				<key>CODE_SIGN_IDENTITY[sdk=iphoneos*]</key>
				<string>iPhone Developer</string>
				<key>COPY_PHASE_STRIP</key>
				<string>NO</string>
				<key>DEBUG_INFORMATION_FORMAT</key>
				<string>dwarf-with-dsym</string>
				<key>ENABLE_NS_ASSERTIONS</key>
				<string>NO</string>
				<key>ENABLE_STRICT_OBJC_MSGSEND</key>
				<string>YES</string>
				<key>GCC_C_LANGUAGE_STANDARD</key>
				<string>gnu99</string>
				<key>GCC_NO_COMMON_BLOCKS</key>
				<string>YES</string>
				<key>GCC_WARN_64_TO_32_BIT_CONVERSION</key>
				<string>YES</string>
				<key>GCC_WARN_ABOUT_RETURN_TYPE</key>
				<string>YES_ERROR</string>
				<key>GCC_WARN_UNDECLARED_SELECTOR</key>
				<string>YES</string>
				<key>GCC_WARN_UNINITIALIZED_AUTOS</key>
				<string>YES_AGGRESSIVE</string>
				<key>GCC_WARN_UNUSED_FUNCTION</key>
				<string>YES</string>
				<key>GCC_WARN_UNUSED_VARIABLE</key>
				<string>YES</string>
				<key>IPHONEOS_DEPLOYMENT_TARGET</key>
				<string>10.2</string>
				<key>MTL_ENABLE_DEBUG_INFO</key>
				<string>NO</string>
				<key>SDKROOT</key>
				<string>iphoneos</string>
				<key>SWIFT_OPTIMIZATION_LEVEL</key>
				<string>-Owholemodule</string>
				<key>VALIDATE_PRODUCT</key>
				<string>YES</string>
			</dict>
			<key>isa</key>
			<string>XCBuildConfiguration</string>
			<key>name</key>
			<string>Release</string>
		</dict>
		<key>3247F1C71E1F257800B5CD73</key>
		<dict>
			<key>buildConfigurations</key>
			<array>
				<string>3247F1C81E1F257800B5CD73</string>
				<string>3247F1C91E1F257800B5CD73</string>
			</array>
			<key>defaultConfigurationIsVisible</key>
			<string>0</string>
			<key>defaultConfigurationName</key>
			<string>Release</string>
			<key>isa</key>
			<string>XCConfigurationList</string>
		</dict>
		<key>3247F1C81E1F257800B5CD73</key>
		<dict>
			<key>baseConfigurationReference</key>
			<string>870AE74D5D3CC42486E023EA</string>
			<key>buildSettings</key>
			<dict>
				<key>ASSETCATALOG_COMPILER_APPICON_NAME</key>
				<string>AppIcon</string>
				<key>DEVELOPMENT_TEAM</key>
				<string>C8LLTKJ2XT</string>
				<key>INFOPLIST_FILE</key>
				<string>TaewanArchitectureStudy/Info.plist</string>
				<key>IPHONEOS_DEPLOYMENT_TARGET</key>
				<string>9.0</string>
				<key>LD_RUNPATH_SEARCH_PATHS</key>
				<string>$(inherited) @executable_path/Frameworks</string>
				<key>PRODUCT_BUNDLE_IDENTIFIER</key>
				<string>kr.co.taewan.architecture-study</string>
				<key>PRODUCT_NAME</key>
				<string>$(TARGET_NAME)</string>
				<key>SWIFT_VERSION</key>
				<string>3.0</string>
			</dict>
			<key>isa</key>
			<string>XCBuildConfiguration</string>
			<key>name</key>
			<string>Debug</string>
		</dict>
		<key>3247F1C91E1F257800B5CD73</key>
		<dict>
			<key>baseConfigurationReference</key>
			<string>2AA3EF8FE28E8A26B879B271</string>
			<key>buildSettings</key>
			<dict>
				<key>ASSETCATALOG_COMPILER_APPICON_NAME</key>
				<string>AppIcon</string>
				<key>DEVELOPMENT_TEAM</key>
				<string>C8LLTKJ2XT</string>
				<key>INFOPLIST_FILE</key>
				<string>TaewanArchitectureStudy/Info.plist</string>
				<key>IPHONEOS_DEPLOYMENT_TARGET</key>
				<string>9.0</string>
				<key>LD_RUNPATH_SEARCH_PATHS</key>
				<string>$(inherited) @executable_path/Frameworks</string>
				<key>PRODUCT_BUNDLE_IDENTIFIER</key>
				<string>kr.co.taewan.architecture-study</string>
				<key>PRODUCT_NAME</key>
				<string>$(TARGET_NAME)</string>
				<key>SWIFT_VERSION</key>
				<string>3.0</string>
			</dict>
			<key>isa</key>
			<string>XCBuildConfiguration</string>
			<key>name</key>
			<string>Release</string>
		</dict>
		<key>6C5141F4EBC59B0055EAE4FE</key>
		<dict>
			<key>buildActionMask</key>
			<string>2147483647</string>
			<key>files</key>
			<array/>
			<key>inputPaths</key>
			<array/>
			<key>isa</key>
			<string>PBXShellScriptBuildPhase</string>
			<key>name</key>
			<string>[CP] Embed Pods Frameworks</string>
			<key>outputPaths</key>
			<array/>
			<key>runOnlyForDeploymentPostprocessing</key>
			<string>0</string>
			<key>shellPath</key>
			<string>/bin/sh</string>
			<key>shellScript</key>
			<string>"${SRCROOT}/Pods/Target Support Files/Pods-TaewanArchitectureStudy/Pods-TaewanArchitectureStudy-frameworks.sh"
</string>
			<key>showEnvVarsInLog</key>
			<string>0</string>
		</dict>
		<key>870AE74D5D3CC42486E023EA</key>
		<dict>
			<key>includeInIndex</key>
			<string>1</string>
			<key>isa</key>
			<string>PBXFileReference</string>
			<key>lastKnownFileType</key>
			<string>text.xcconfig</string>
			<key>name</key>
			<string>Pods-TaewanArchitectureStudy.debug.xcconfig</string>
			<key>path</key>
			<string>Pods/Target Support Files/Pods-TaewanArchitectureStudy/Pods-TaewanArchitectureStudy.debug.xcconfig</string>
			<key>sourceTree</key>
			<string>&lt;group&gt;</string>
		</dict>
		<key>A266582BB3CBA8713DBE5435</key>
		<dict>
			<key>children</key>
			<array>
				<string>F17CB31F08348AACA627CAD4</string>
			</array>
			<key>isa</key>
			<string>PBXGroup</string>
			<key>name</key>
			<string>Frameworks</string>
			<key>sourceTree</key>
			<string>&lt;group&gt;</string>
		</dict>
		<key>B0F3BE1ACC913164EAC5716C</key>
		<dict>
			<key>children</key>
			<array>
				<string>870AE74D5D3CC42486E023EA</string>
				<string>2AA3EF8FE28E8A26B879B271</string>
			</array>
			<key>isa</key>
			<string>PBXGroup</string>
			<key>name</key>
			<string>Pods</string>
			<key>sourceTree</key>
			<string>&lt;group&gt;</string>
		</dict>
		<key>C294DC199F5C24F606EFD5E1</key>
		<dict>
			<key>fileRef</key>
			<string>F17CB31F08348AACA627CAD4</string>
			<key>isa</key>
			<string>PBXBuildFile</string>
		</dict>
		<key>D0EF1C46F32D59CB01B6EA73</key>
		<dict>
			<key>buildActionMask</key>
			<string>2147483647</string>
			<key>files</key>
			<array/>
			<key>inputPaths</key>
			<array/>
			<key>isa</key>
			<string>PBXShellScriptBuildPhase</string>
			<key>name</key>
			<string>[CP] Check Pods Manifest.lock</string>
			<key>outputPaths</key>
			<array/>
			<key>runOnlyForDeploymentPostprocessing</key>
			<string>0</string>
			<key>shellPath</key>
			<string>/bin/sh</string>
			<key>shellScript</key>
			<string>diff "${PODS_ROOT}/../Podfile.lock" "${PODS_ROOT}/Manifest.lock" &gt; /dev/null
if [[ $? != 0 ]] ; then
    cat &lt;&lt; EOM
error: The sandbox is not in sync with the Podfile.lock. Run 'pod install' or update your CocoaPods installation.
EOM
    exit 1
fi
</string>
			<key>showEnvVarsInLog</key>
			<string>0</string>
		</dict>
		<key>DA882B03FCBFA11D7B4412A4</key>
		<dict>
			<key>buildActionMask</key>
			<string>2147483647</string>
			<key>files</key>
			<array/>
			<key>inputPaths</key>
			<array/>
			<key>isa</key>
			<string>PBXShellScriptBuildPhase</string>
			<key>name</key>
			<string>[CP] Copy Pods Resources</string>
			<key>outputPaths</key>
			<array/>
			<key>runOnlyForDeploymentPostprocessing</key>
			<string>0</string>
			<key>shellPath</key>
			<string>/bin/sh</string>
			<key>shellScript</key>
			<string>"${SRCROOT}/Pods/Target Support Files/Pods-TaewanArchitectureStudy/Pods-TaewanArchitectureStudy-resources.sh"
</string>
			<key>showEnvVarsInLog</key>
			<string>0</string>
		</dict>
		<key>F17CB31F08348AACA627CAD4</key>
		<dict>
			<key>explicitFileType</key>
			<string>wrapper.framework</string>
			<key>includeInIndex</key>
			<string>0</string>
			<key>isa</key>
			<string>PBXFileReference</string>
			<key>path</key>
			<string>Pods_TaewanArchitectureStudy.framework</string>
			<key>sourceTree</key>
			<string>BUILT_PRODUCTS_DIR</string>
		</dict>
	</dict>
	<key>rootObject</key>
	<string>3247F1AD1E1F257800B5CD73</string>
</dict>
</plist>
