// !$*UTF8*$!
{
	archiveVersion = 1;
	classes = {
	};
	objectVersion = 46;
	objects = {

/* Begin PBXBuildFile section */
		124537E91E4EF57500EE4078 /* IssueListViewModel.swift in Sources */ = {isa = PBXBuildFile; fileRef = 124537E81E4EF57500EE4078 /* IssueListViewModel.swift */; };
		124537EB1E4EF8CA00EE4078 /* IssueCellViewModel.swift in Sources */ = {isa = PBXBuildFile; fileRef = 124537EA1E4EF8CA00EE4078 /* IssueCellViewModel.swift */; };
		124537ED1E4EF93400EE4078 /* Configurable.swift in Sources */ = {isa = PBXBuildFile; fileRef = 124537EC1E4EF93400EE4078 /* Configurable.swift */; };
		124537EF1E4F04B300EE4078 /* LayoutAttributable.swift in Sources */ = {isa = PBXBuildFile; fileRef = 124537EE1E4F04B300EE4078 /* LayoutAttributable.swift */; };
		126FEBA31E357DD80075D9EF /* SignIn.storyboard in Resources */ = {isa = PBXBuildFile; fileRef = 126FEBA11E357DD80075D9EF /* SignIn.storyboard */; };
		12EB83F91E45A06A00E5698A /* API.swift in Sources */ = {isa = PBXBuildFile; fileRef = 12EB83C91E45A06A00E5698A /* API.swift */; };
		12EB83FA1E45A06A00E5698A /* Config+Router.swift in Sources */ = {isa = PBXBuildFile; fileRef = 12EB83CA1E45A06A00E5698A /* Config+Router.swift */; };
		12EB83FB1E45A06A00E5698A /* Comment.swift in Sources */ = {isa = PBXBuildFile; fileRef = 12EB83CC1E45A06A00E5698A /* Comment.swift */; };
		12EB83FC1E45A06A00E5698A /* Issue.swift in Sources */ = {isa = PBXBuildFile; fileRef = 12EB83CD1E45A06A00E5698A /* Issue.swift */; };
		12EB83FD1E45A06A00E5698A /* User.swift in Sources */ = {isa = PBXBuildFile; fileRef = 12EB83CE1E45A06A00E5698A /* User.swift */; };
		12EB83FE1E45A06A00E5698A /* CommentService.swift in Sources */ = {isa = PBXBuildFile; fileRef = 12EB83D11E45A06A00E5698A /* CommentService.swift */; };
		12EB83FF1E45A06A00E5698A /* IssueService.swift in Sources */ = {isa = PBXBuildFile; fileRef = 12EB83D31E45A06A00E5698A /* IssueService.swift */; };
		12EB84001E45A06A00E5698A /* IssueLisetService.swift in Sources */ = {isa = PBXBuildFile; fileRef = 12EB83D41E45A06A00E5698A /* IssueLisetService.swift */; };
		12EB84011E45A06A00E5698A /* Router.swift in Sources */ = {isa = PBXBuildFile; fileRef = 12EB83D51E45A06A00E5698A /* Router.swift */; };
		12EB84021E45A06A00E5698A /* DataRequest+Extension.swift in Sources */ = {isa = PBXBuildFile; fileRef = 12EB83D91E45A06A00E5698A /* DataRequest+Extension.swift */; };
		12EB84031E45A06A00E5698A /* Collection+Extension.swift in Sources */ = {isa = PBXBuildFile; fileRef = 12EB83DB1E45A06A00E5698A /* Collection+Extension.swift */; };
		12EB84041E45A06A00E5698A /* Date+Extension.swift in Sources */ = {isa = PBXBuildFile; fileRef = 12EB83DC1E45A06A00E5698A /* Date+Extension.swift */; };
		12EB84051E45A06A00E5698A /* UIColor+Extension.swift in Sources */ = {isa = PBXBuildFile; fileRef = 12EB83DE1E45A06A00E5698A /* UIColor+Extension.swift */; };
		12EB84061E45A06A00E5698A /* KeyboardInfo.swift in Sources */ = {isa = PBXBuildFile; fileRef = 12EB83E01E45A06A00E5698A /* KeyboardInfo.swift */; };
		12EB84071E45A06A00E5698A /* HDCollectionView.swift in Sources */ = {isa = PBXBuildFile; fileRef = 12EB83E21E45A06A00E5698A /* HDCollectionView.swift */; };
		12EB84081E45A06A00E5698A /* LayoutMarginLabel.swift in Sources */ = {isa = PBXBuildFile; fileRef = 12EB83E31E45A06A00E5698A /* LayoutMarginLabel.swift */; };
		12EB840A1E45A06A00E5698A /* IssueDetailViewController.swift in Sources */ = {isa = PBXBuildFile; fileRef = 12EB83E71E45A06A00E5698A /* IssueDetailViewController.swift */; };
		12EB840B1E45A06A00E5698A /* IssueListViewController.swift in Sources */ = {isa = PBXBuildFile; fileRef = 12EB83E81E45A06A00E5698A /* IssueListViewController.swift */; };
		12EB840C1E45A06A00E5698A /* IssueCell.swift in Sources */ = {isa = PBXBuildFile; fileRef = 12EB83EA1E45A06A00E5698A /* IssueCell.swift */; };
		12EB840D1E45A06A00E5698A /* IssueCell.xib in Resources */ = {isa = PBXBuildFile; fileRef = 12EB83EB1E45A06A00E5698A /* IssueCell.xib */; };
		12EB840E1E45A06A00E5698A /* IssueCommentCell.swift in Sources */ = {isa = PBXBuildFile; fileRef = 12EB83EC1E45A06A00E5698A /* IssueCommentCell.swift */; };
		12EB840F1E45A06A00E5698A /* IssueCommentCell.xib in Resources */ = {isa = PBXBuildFile; fileRef = 12EB83ED1E45A06A00E5698A /* IssueCommentCell.xib */; };
		12EB84101E45A06A00E5698A /* IssueDetailHeaderView.swift in Sources */ = {isa = PBXBuildFile; fileRef = 12EB83EF1E45A06A00E5698A /* IssueDetailHeaderView.swift */; };
		12EB84111E45A06A00E5698A /* SignInViewController.swift in Sources */ = {isa = PBXBuildFile; fileRef = 12EB83F11E45A06A00E5698A /* SignInViewController.swift */; };
		12EB84121E45A06A00E5698A /* IssueDetailPresenter.swift in Sources */ = {isa = PBXBuildFile; fileRef = 12EB83F61E45A06A00E5698A /* IssueDetailPresenter.swift */; };
		12EB84131E45A06A00E5698A /* IssueListPresenter.swift in Sources */ = {isa = PBXBuildFile; fileRef = 12EB83F71E45A06A00E5698A /* IssueListPresenter.swift */; };
		3247F1B91E1F257800B5CD73 /* AppDelegate.swift in Sources */ = {isa = PBXBuildFile; fileRef = 3247F1B81E1F257800B5CD73 /* AppDelegate.swift */; };
		3247F1BE1E1F257800B5CD73 /* Main.storyboard in Resources */ = {isa = PBXBuildFile; fileRef = 3247F1BC1E1F257800B5CD73 /* Main.storyboard */; };
		3247F1C01E1F257800B5CD73 /* Assets.xcassets in Resources */ = {isa = PBXBuildFile; fileRef = 3247F1BF1E1F257800B5CD73 /* Assets.xcassets */; };
		3247F1C31E1F257800B5CD73 /* LaunchScreen.storyboard in Resources */ = {isa = PBXBuildFile; fileRef = 3247F1C11E1F257800B5CD73 /* LaunchScreen.storyboard */; };
		C294DC199F5C24F606EFD5E1 /* Pods_TaewanArchitectureStudy.framework in Frameworks */ = {isa = PBXBuildFile; fileRef = F17CB31F08348AACA627CAD4 /* Pods_TaewanArchitectureStudy.framework */; };
/* End PBXBuildFile section */

/* Begin PBXFileReference section */
		124537E81E4EF57500EE4078 /* IssueListViewModel.swift */ = {isa = PBXFileReference; fileEncoding = 4; lastKnownFileType = sourcecode.swift; path = IssueListViewModel.swift; sourceTree = "<group>"; };
		124537EA1E4EF8CA00EE4078 /* IssueCellViewModel.swift */ = {isa = PBXFileReference; fileEncoding = 4; lastKnownFileType = sourcecode.swift; path = IssueCellViewModel.swift; sourceTree = "<group>"; };
		124537EC1E4EF93400EE4078 /* Configurable.swift */ = {isa = PBXFileReference; fileEncoding = 4; lastKnownFileType = sourcecode.swift; path = Configurable.swift; sourceTree = "<group>"; };
		124537EE1E4F04B300EE4078 /* LayoutAttributable.swift */ = {isa = PBXFileReference; fileEncoding = 4; lastKnownFileType = sourcecode.swift; path = LayoutAttributable.swift; sourceTree = "<group>"; };
		126FEBA21E357DD80075D9EF /* Base */ = {isa = PBXFileReference; lastKnownFileType = file.storyboard; name = Base; path = Base.lproj/SignIn.storyboard; sourceTree = "<group>"; };
		12EB83C91E45A06A00E5698A /* API.swift */ = {isa = PBXFileReference; fileEncoding = 4; lastKnownFileType = sourcecode.swift; path = API.swift; sourceTree = "<group>"; };
		12EB83CA1E45A06A00E5698A /* Config+Router.swift */ = {isa = PBXFileReference; fileEncoding = 4; lastKnownFileType = sourcecode.swift; path = "Config+Router.swift"; sourceTree = "<group>"; };
		12EB83CC1E45A06A00E5698A /* Comment.swift */ = {isa = PBXFileReference; fileEncoding = 4; lastKnownFileType = sourcecode.swift; path = Comment.swift; sourceTree = "<group>"; };
		12EB83CD1E45A06A00E5698A /* Issue.swift */ = {isa = PBXFileReference; fileEncoding = 4; lastKnownFileType = sourcecode.swift; path = Issue.swift; sourceTree = "<group>"; };
		12EB83CE1E45A06A00E5698A /* User.swift */ = {isa = PBXFileReference; fileEncoding = 4; lastKnownFileType = sourcecode.swift; path = User.swift; sourceTree = "<group>"; };
		12EB83D11E45A06A00E5698A /* CommentService.swift */ = {isa = PBXFileReference; fileEncoding = 4; lastKnownFileType = sourcecode.swift; path = CommentService.swift; sourceTree = "<group>"; };
		12EB83D31E45A06A00E5698A /* IssueService.swift */ = {isa = PBXFileReference; fileEncoding = 4; lastKnownFileType = sourcecode.swift; path = IssueService.swift; sourceTree = "<group>"; };
		12EB83D41E45A06A00E5698A /* IssueLisetService.swift */ = {isa = PBXFileReference; fileEncoding = 4; lastKnownFileType = sourcecode.swift; path = IssueLisetService.swift; sourceTree = "<group>"; };
		12EB83D51E45A06A00E5698A /* Router.swift */ = {isa = PBXFileReference; fileEncoding = 4; lastKnownFileType = sourcecode.swift; path = Router.swift; sourceTree = "<group>"; };
		12EB83D91E45A06A00E5698A /* DataRequest+Extension.swift */ = {isa = PBXFileReference; fileEncoding = 4; lastKnownFileType = sourcecode.swift; path = "DataRequest+Extension.swift"; sourceTree = "<group>"; };
		12EB83DB1E45A06A00E5698A /* Collection+Extension.swift */ = {isa = PBXFileReference; fileEncoding = 4; lastKnownFileType = sourcecode.swift; path = "Collection+Extension.swift"; sourceTree = "<group>"; };
		12EB83DC1E45A06A00E5698A /* Date+Extension.swift */ = {isa = PBXFileReference; fileEncoding = 4; lastKnownFileType = sourcecode.swift; path = "Date+Extension.swift"; sourceTree = "<group>"; };
		12EB83DE1E45A06A00E5698A /* UIColor+Extension.swift */ = {isa = PBXFileReference; fileEncoding = 4; lastKnownFileType = sourcecode.swift; path = "UIColor+Extension.swift"; sourceTree = "<group>"; };
		12EB83E01E45A06A00E5698A /* KeyboardInfo.swift */ = {isa = PBXFileReference; fileEncoding = 4; lastKnownFileType = sourcecode.swift; path = KeyboardInfo.swift; sourceTree = "<group>"; };
		12EB83E21E45A06A00E5698A /* HDCollectionView.swift */ = {isa = PBXFileReference; fileEncoding = 4; lastKnownFileType = sourcecode.swift; path = HDCollectionView.swift; sourceTree = "<group>"; };
		12EB83E31E45A06A00E5698A /* LayoutMarginLabel.swift */ = {isa = PBXFileReference; fileEncoding = 4; lastKnownFileType = sourcecode.swift; path = LayoutMarginLabel.swift; sourceTree = "<group>"; };
		12EB83E71E45A06A00E5698A /* IssueDetailViewController.swift */ = {isa = PBXFileReference; fileEncoding = 4; lastKnownFileType = sourcecode.swift; path = IssueDetailViewController.swift; sourceTree = "<group>"; };
		12EB83E81E45A06A00E5698A /* IssueListViewController.swift */ = {isa = PBXFileReference; fileEncoding = 4; lastKnownFileType = sourcecode.swift; path = IssueListViewController.swift; sourceTree = "<group>"; };
		12EB83EA1E45A06A00E5698A /* IssueCell.swift */ = {isa = PBXFileReference; fileEncoding = 4; lastKnownFileType = sourcecode.swift; path = IssueCell.swift; sourceTree = "<group>"; };
		12EB83EB1E45A06A00E5698A /* IssueCell.xib */ = {isa = PBXFileReference; fileEncoding = 4; lastKnownFileType = file.xib; path = IssueCell.xib; sourceTree = "<group>"; };
		12EB83EC1E45A06A00E5698A /* IssueCommentCell.swift */ = {isa = PBXFileReference; fileEncoding = 4; lastKnownFileType = sourcecode.swift; path = IssueCommentCell.swift; sourceTree = "<group>"; };
		12EB83ED1E45A06A00E5698A /* IssueCommentCell.xib */ = {isa = PBXFileReference; fileEncoding = 4; lastKnownFileType = file.xib; path = IssueCommentCell.xib; sourceTree = "<group>"; };
		12EB83EF1E45A06A00E5698A /* IssueDetailHeaderView.swift */ = {isa = PBXFileReference; fileEncoding = 4; lastKnownFileType = sourcecode.swift; path = IssueDetailHeaderView.swift; sourceTree = "<group>"; };
		12EB83F11E45A06A00E5698A /* SignInViewController.swift */ = {isa = PBXFileReference; fileEncoding = 4; lastKnownFileType = sourcecode.swift; path = SignInViewController.swift; sourceTree = "<group>"; };
		12EB83F61E45A06A00E5698A /* IssueDetailPresenter.swift */ = {isa = PBXFileReference; fileEncoding = 4; lastKnownFileType = sourcecode.swift; path = IssueDetailPresenter.swift; sourceTree = "<group>"; };
		12EB83F71E45A06A00E5698A /* IssueListPresenter.swift */ = {isa = PBXFileReference; fileEncoding = 4; lastKnownFileType = sourcecode.swift; path = IssueListPresenter.swift; sourceTree = "<group>"; };
		2AA3EF8FE28E8A26B879B271 /* Pods-TaewanArchitectureStudy.release.xcconfig */ = {isa = PBXFileReference; includeInIndex = 1; lastKnownFileType = text.xcconfig; name = "Pods-TaewanArchitectureStudy.release.xcconfig"; path = "Pods/Target Support Files/Pods-TaewanArchitectureStudy/Pods-TaewanArchitectureStudy.release.xcconfig"; sourceTree = "<group>"; };
		3247F1B51E1F257800B5CD73 /* TaewanArchitectureStudy.app */ = {isa = PBXFileReference; explicitFileType = wrapper.application; includeInIndex = 0; path = TaewanArchitectureStudy.app; sourceTree = BUILT_PRODUCTS_DIR; };
		3247F1B81E1F257800B5CD73 /* AppDelegate.swift */ = {isa = PBXFileReference; lastKnownFileType = sourcecode.swift; path = AppDelegate.swift; sourceTree = "<group>"; };
		3247F1BD1E1F257800B5CD73 /* Base */ = {isa = PBXFileReference; lastKnownFileType = file.storyboard; name = Base; path = Base.lproj/Main.storyboard; sourceTree = "<group>"; };
		3247F1BF1E1F257800B5CD73 /* Assets.xcassets */ = {isa = PBXFileReference; lastKnownFileType = folder.assetcatalog; path = Assets.xcassets; sourceTree = "<group>"; };
		3247F1C21E1F257800B5CD73 /* Base */ = {isa = PBXFileReference; lastKnownFileType = file.storyboard; name = Base; path = Base.lproj/LaunchScreen.storyboard; sourceTree = "<group>"; };
		3247F1C41E1F257800B5CD73 /* Info.plist */ = {isa = PBXFileReference; lastKnownFileType = text.plist.xml; path = Info.plist; sourceTree = "<group>"; };
		870AE74D5D3CC42486E023EA /* Pods-TaewanArchitectureStudy.debug.xcconfig */ = {isa = PBXFileReference; includeInIndex = 1; lastKnownFileType = text.xcconfig; name = "Pods-TaewanArchitectureStudy.debug.xcconfig"; path = "Pods/Target Support Files/Pods-TaewanArchitectureStudy/Pods-TaewanArchitectureStudy.debug.xcconfig"; sourceTree = "<group>"; };
		F17CB31F08348AACA627CAD4 /* Pods_TaewanArchitectureStudy.framework */ = {isa = PBXFileReference; explicitFileType = wrapper.framework; includeInIndex = 0; path = Pods_TaewanArchitectureStudy.framework; sourceTree = BUILT_PRODUCTS_DIR; };
/* End PBXFileReference section */

/* Begin PBXFrameworksBuildPhase section */
		3247F1B21E1F257800B5CD73 /* Frameworks */ = {
			isa = PBXFrameworksBuildPhase;
			buildActionMask = 2147483647;
			files = (
				C294DC199F5C24F606EFD5E1 /* Pods_TaewanArchitectureStudy.framework in Frameworks */,
			);
			runOnlyForDeploymentPostprocessing = 0;
		};
/* End PBXFrameworksBuildPhase section */

/* Begin PBXGroup section */
		12EB83C71E45A06A00E5698A /* Src */ = {
			isa = PBXGroup;
			children = (
				12EB83C81E45A06A00E5698A /* API */,
				12EB83D61E45A06A00E5698A /* Common */,
				12EB83E51E45A06A00E5698A /* Controller */,
				12EB83F21E45A06A00E5698A /* MVP */,
			);
			path = Src;
			sourceTree = "<group>";
		};
		12EB83C81E45A06A00E5698A /* API */ = {
			isa = PBXGroup;
			children = (
				12EB83CF1E45A06A00E5698A /* Service */,
				12EB83CB1E45A06A00E5698A /* Model */,
				12EB83C91E45A06A00E5698A /* API.swift */,
				12EB83CA1E45A06A00E5698A /* Config+Router.swift */,
				12EB83D51E45A06A00E5698A /* Router.swift */,
			);
			path = API;
			sourceTree = "<group>";
		};
		12EB83CB1E45A06A00E5698A /* Model */ = {
			isa = PBXGroup;
			children = (
				12EB83CC1E45A06A00E5698A /* Comment.swift */,
				12EB83CD1E45A06A00E5698A /* Issue.swift */,
				12EB83CE1E45A06A00E5698A /* User.swift */,
			);
			name = Model;
			path = DataObject;
			sourceTree = "<group>";
		};
		12EB83CF1E45A06A00E5698A /* Service */ = {
			isa = PBXGroup;
			children = (
				12EB83D01E45A06A00E5698A /* Comment */,
				12EB83D21E45A06A00E5698A /* Issue */,
			);
			name = Service;
			path = Model;
			sourceTree = "<group>";
		};
		12EB83D01E45A06A00E5698A /* Comment */ = {
			isa = PBXGroup;
			children = (
				12EB83D11E45A06A00E5698A /* CommentService.swift */,
			);
			path = Comment;
			sourceTree = "<group>";
		};
		12EB83D21E45A06A00E5698A /* Issue */ = {
			isa = PBXGroup;
			children = (
				12EB83D31E45A06A00E5698A /* IssueService.swift */,
				12EB83D41E45A06A00E5698A /* IssueLisetService.swift */,
			);
			path = Issue;
			sourceTree = "<group>";
		};
		12EB83D61E45A06A00E5698A /* Common */ = {
			isa = PBXGroup;
			children = (
				12EB83D71E45A06A00E5698A /* Extension */,
				12EB83DF1E45A06A00E5698A /* Util */,
				12EB83E11E45A06A00E5698A /* View */,
			);
			path = Common;
			sourceTree = "<group>";
		};
		12EB83D71E45A06A00E5698A /* Extension */ = {
			isa = PBXGroup;
			children = (
				12EB83D81E45A06A00E5698A /* Alamofire */,
				12EB83DA1E45A06A00E5698A /* Foundation */,
				12EB83DD1E45A06A00E5698A /* UIKit */,
			);
			path = Extension;
			sourceTree = "<group>";
		};
		12EB83D81E45A06A00E5698A /* Alamofire */ = {
			isa = PBXGroup;
			children = (
				12EB83D91E45A06A00E5698A /* DataRequest+Extension.swift */,
			);
			path = Alamofire;
			sourceTree = "<group>";
		};
		12EB83DA1E45A06A00E5698A /* Foundation */ = {
			isa = PBXGroup;
			children = (
				12EB83DB1E45A06A00E5698A /* Collection+Extension.swift */,
				12EB83DC1E45A06A00E5698A /* Date+Extension.swift */,
			);
			path = Foundation;
			sourceTree = "<group>";
		};
		12EB83DD1E45A06A00E5698A /* UIKit */ = {
			isa = PBXGroup;
			children = (
				12EB83DE1E45A06A00E5698A /* UIColor+Extension.swift */,
			);
			path = UIKit;
			sourceTree = "<group>";
		};
		12EB83DF1E45A06A00E5698A /* Util */ = {
			isa = PBXGroup;
			children = (
				12EB83E01E45A06A00E5698A /* KeyboardInfo.swift */,
				124537EC1E4EF93400EE4078 /* Configurable.swift */,
				124537EE1E4F04B300EE4078 /* LayoutAttributable.swift */,
			);
			path = Util;
			sourceTree = "<group>";
		};
		12EB83E11E45A06A00E5698A /* View */ = {
			isa = PBXGroup;
			children = (
				12EB83E21E45A06A00E5698A /* HDCollectionView.swift */,
				12EB83E31E45A06A00E5698A /* LayoutMarginLabel.swift */,
			);
			path = View;
			sourceTree = "<group>";
		};
		12EB83E51E45A06A00E5698A /* Controller */ = {
			isa = PBXGroup;
			children = (
				12EB83E61E45A06A00E5698A /* Main */,
				12EB83F01E45A06A00E5698A /* SignIn */,
			);
			path = Controller;
			sourceTree = "<group>";
		};
		12EB83E61E45A06A00E5698A /* Main */ = {
			isa = PBXGroup;
			children = (
				12EB83E71E45A06A00E5698A /* IssueDetailViewController.swift */,
				124537E81E4EF57500EE4078 /* IssueListViewModel.swift */,
				12EB83E81E45A06A00E5698A /* IssueListViewController.swift */,
				12EB83E91E45A06A00E5698A /* Nib */,
				12EB83EE1E45A06A00E5698A /* View */,
			);
			path = Main;
			sourceTree = "<group>";
		};
		12EB83E91E45A06A00E5698A /* Nib */ = {
			isa = PBXGroup;
			children = (
				124537EA1E4EF8CA00EE4078 /* IssueCellViewModel.swift */,
				12EB83EA1E45A06A00E5698A /* IssueCell.swift */,
				12EB83EB1E45A06A00E5698A /* IssueCell.xib */,
				12EB83EC1E45A06A00E5698A /* IssueCommentCell.swift */,
				12EB83ED1E45A06A00E5698A /* IssueCommentCell.xib */,
			);
			path = Nib;
			sourceTree = "<group>";
		};
		12EB83EE1E45A06A00E5698A /* View */ = {
			isa = PBXGroup;
			children = (
				12EB83EF1E45A06A00E5698A /* IssueDetailHeaderView.swift */,
			);
			path = View;
			sourceTree = "<group>";
		};
		12EB83F01E45A06A00E5698A /* SignIn */ = {
			isa = PBXGroup;
			children = (
				12EB83F11E45A06A00E5698A /* SignInViewController.swift */,
			);
			path = SignIn;
			sourceTree = "<group>";
		};
		12EB83F21E45A06A00E5698A /* MVP */ = {
			isa = PBXGroup;
			children = (
				12EB83F31E45A06A00E5698A /* Model */,
				12EB83F41E45A06A00E5698A /* Presenter */,
				12EB83F81E45A06A00E5698A /* View */,
			);
			path = MVP;
			sourceTree = "<group>";
		};
		12EB83F31E45A06A00E5698A /* Model */ = {
			isa = PBXGroup;
			children = (
			);
			path = Model;
			sourceTree = "<group>";
		};
		12EB83F41E45A06A00E5698A /* Presenter */ = {
			isa = PBXGroup;
			children = (
				12EB83F51E45A06A00E5698A /* Main */,
			);
			path = Presenter;
			sourceTree = "<group>";
		};
		12EB83F51E45A06A00E5698A /* Main */ = {
			isa = PBXGroup;
			children = (
				12EB83F61E45A06A00E5698A /* IssueDetailPresenter.swift */,
				12EB83F71E45A06A00E5698A /* IssueListPresenter.swift */,
			);
			path = Main;
			sourceTree = "<group>";
		};
		12EB83F81E45A06A00E5698A /* View */ = {
			isa = PBXGroup;
			children = (
			);
			path = View;
			sourceTree = "<group>";
		};
		3247F1AC1E1F257800B5CD73 = {
			isa = PBXGroup;
			children = (
				3247F1B71E1F257800B5CD73 /* TaewanArchitectureStudy */,
				3247F1B61E1F257800B5CD73 /* Products */,
				B0F3BE1ACC913164EAC5716C /* Pods */,
				A266582BB3CBA8713DBE5435 /* Frameworks */,
			);
			sourceTree = "<group>";
		};
		3247F1B61E1F257800B5CD73 /* Products */ = {
			isa = PBXGroup;
			children = (
				3247F1B51E1F257800B5CD73 /* TaewanArchitectureStudy.app */,
			);
			name = Products;
			sourceTree = "<group>";
		};
		3247F1B71E1F257800B5CD73 /* TaewanArchitectureStudy */ = {
			isa = PBXGroup;
			children = (
				12EB83C71E45A06A00E5698A /* Src */,
				3247F1B81E1F257800B5CD73 /* AppDelegate.swift */,
				126FEBA11E357DD80075D9EF /* SignIn.storyboard */,
				3247F1BC1E1F257800B5CD73 /* Main.storyboard */,
				3247F1BF1E1F257800B5CD73 /* Assets.xcassets */,
				3247F1C11E1F257800B5CD73 /* LaunchScreen.storyboard */,
				3247F1C41E1F257800B5CD73 /* Info.plist */,
			);
			path = TaewanArchitectureStudy;
			sourceTree = "<group>";
		};
		A266582BB3CBA8713DBE5435 /* Frameworks */ = {
			isa = PBXGroup;
			children = (
				F17CB31F08348AACA627CAD4 /* Pods_TaewanArchitectureStudy.framework */,
			);
			name = Frameworks;
			sourceTree = "<group>";
		};
		B0F3BE1ACC913164EAC5716C /* Pods */ = {
			isa = PBXGroup;
			children = (
				870AE74D5D3CC42486E023EA /* Pods-TaewanArchitectureStudy.debug.xcconfig */,
				2AA3EF8FE28E8A26B879B271 /* Pods-TaewanArchitectureStudy.release.xcconfig */,
			);
			name = Pods;
			sourceTree = "<group>";
		};
/* End PBXGroup section */

/* Begin PBXNativeTarget section */
		3247F1B41E1F257800B5CD73 /* TaewanArchitectureStudy */ = {
			isa = PBXNativeTarget;
			buildConfigurationList = 3247F1C71E1F257800B5CD73 /* Build configuration list for PBXNativeTarget "TaewanArchitectureStudy" */;
			buildPhases = (
				D0EF1C46F32D59CB01B6EA73 /* [CP] Check Pods Manifest.lock */,
				3247F1B11E1F257800B5CD73 /* Sources */,
				3247F1B21E1F257800B5CD73 /* Frameworks */,
				3247F1B31E1F257800B5CD73 /* Resources */,
				6C5141F4EBC59B0055EAE4FE /* [CP] Embed Pods Frameworks */,
				DA882B03FCBFA11D7B4412A4 /* [CP] Copy Pods Resources */,
			);
			buildRules = (
			);
			dependencies = (
			);
			name = TaewanArchitectureStudy;
			productName = TaewanArchitectureStudy;
			productReference = 3247F1B51E1F257800B5CD73 /* TaewanArchitectureStudy.app */;
			productType = "com.apple.product-type.application";
		};
/* End PBXNativeTarget section */

/* Begin PBXProject section */
		3247F1AD1E1F257800B5CD73 /* Project object */ = {
			isa = PBXProject;
			attributes = {
				LastSwiftUpdateCheck = 0820;
				LastUpgradeCheck = 0820;
				ORGANIZATIONNAME = taewankim;
				TargetAttributes = {
					3247F1B41E1F257800B5CD73 = {
						CreatedOnToolsVersion = 8.2;
						DevelopmentTeam = C8LLTKJ2XT;
						ProvisioningStyle = Automatic;
					};
				};
			};
			buildConfigurationList = 3247F1B01E1F257800B5CD73 /* Build configuration list for PBXProject "TaewanArchitectureStudy" */;
			compatibilityVersion = "Xcode 3.2";
			developmentRegion = English;
			hasScannedForEncodings = 0;
			knownRegions = (
				en,
				Base,
			);
			mainGroup = 3247F1AC1E1F257800B5CD73;
			productRefGroup = 3247F1B61E1F257800B5CD73 /* Products */;
			projectDirPath = "";
			projectRoot = "";
			targets = (
				3247F1B41E1F257800B5CD73 /* TaewanArchitectureStudy */,
			);
		};
/* End PBXProject section */

/* Begin PBXResourcesBuildPhase section */
		3247F1B31E1F257800B5CD73 /* Resources */ = {
			isa = PBXResourcesBuildPhase;
			buildActionMask = 2147483647;
			files = (
				3247F1C31E1F257800B5CD73 /* LaunchScreen.storyboard in Resources */,
				12EB840F1E45A06A00E5698A /* IssueCommentCell.xib in Resources */,
				12EB840D1E45A06A00E5698A /* IssueCell.xib in Resources */,
				3247F1C01E1F257800B5CD73 /* Assets.xcassets in Resources */,
				3247F1BE1E1F257800B5CD73 /* Main.storyboard in Resources */,
				126FEBA31E357DD80075D9EF /* SignIn.storyboard in Resources */,
			);
			runOnlyForDeploymentPostprocessing = 0;
		};
/* End PBXResourcesBuildPhase section */

/* Begin PBXShellScriptBuildPhase section */
		6C5141F4EBC59B0055EAE4FE /* [CP] Embed Pods Frameworks */ = {
			isa = PBXShellScriptBuildPhase;
			buildActionMask = 2147483647;
			files = (
			);
			inputPaths = (
			);
			name = "[CP] Embed Pods Frameworks";
			outputPaths = (
			);
			runOnlyForDeploymentPostprocessing = 0;
			shellPath = /bin/sh;
			shellScript = "\"${SRCROOT}/Pods/Target Support Files/Pods-TaewanArchitectureStudy/Pods-TaewanArchitectureStudy-frameworks.sh\"\n";
			showEnvVarsInLog = 0;
		};
		D0EF1C46F32D59CB01B6EA73 /* [CP] Check Pods Manifest.lock */ = {
			isa = PBXShellScriptBuildPhase;
			buildActionMask = 2147483647;
			files = (
			);
			inputPaths = (
			);
			name = "[CP] Check Pods Manifest.lock";
			outputPaths = (
			);
			runOnlyForDeploymentPostprocessing = 0;
			shellPath = /bin/sh;
			shellScript = "diff \"${PODS_ROOT}/../Podfile.lock\" \"${PODS_ROOT}/Manifest.lock\" > /dev/null\nif [ $? != 0 ] ; then\n    # print error to STDERR\n    echo \"error: The sandbox is not in sync with the Podfile.lock. Run 'pod install' or update your CocoaPods installation.\" >&2\n    exit 1\nfi\n";
			showEnvVarsInLog = 0;
		};
		DA882B03FCBFA11D7B4412A4 /* [CP] Copy Pods Resources */ = {
			isa = PBXShellScriptBuildPhase;
			buildActionMask = 2147483647;
			files = (
			);
			inputPaths = (
			);
			name = "[CP] Copy Pods Resources";
			outputPaths = (
			);
			runOnlyForDeploymentPostprocessing = 0;
			shellPath = /bin/sh;
			shellScript = "\"${SRCROOT}/Pods/Target Support Files/Pods-TaewanArchitectureStudy/Pods-TaewanArchitectureStudy-resources.sh\"\n";
			showEnvVarsInLog = 0;
		};
/* End PBXShellScriptBuildPhase section */

/* Begin PBXSourcesBuildPhase section */
		3247F1B11E1F257800B5CD73 /* Sources */ = {
			isa = PBXSourcesBuildPhase;
			buildActionMask = 2147483647;
			files = (
				124537EB1E4EF8CA00EE4078 /* IssueCellViewModel.swift in Sources */,
				12EB83FC1E45A06A00E5698A /* Issue.swift in Sources */,
				12EB84031E45A06A00E5698A /* Collection+Extension.swift in Sources */,
				12EB84041E45A06A00E5698A /* Date+Extension.swift in Sources */,
				12EB83F91E45A06A00E5698A /* API.swift in Sources */,
				12EB84071E45A06A00E5698A /* HDCollectionView.swift in Sources */,
				12EB84011E45A06A00E5698A /* Router.swift in Sources */,
				12EB83FD1E45A06A00E5698A /* User.swift in Sources */,
				3247F1B91E1F257800B5CD73 /* AppDelegate.swift in Sources */,
				12EB84051E45A06A00E5698A /* UIColor+Extension.swift in Sources */,
				124537ED1E4EF93400EE4078 /* Configurable.swift in Sources */,
				12EB840E1E45A06A00E5698A /* IssueCommentCell.swift in Sources */,
				12EB83FA1E45A06A00E5698A /* Config+Router.swift in Sources */,
				12EB84101E45A06A00E5698A /* IssueDetailHeaderView.swift in Sources */,
				124537EF1E4F04B300EE4078 /* LayoutAttributable.swift in Sources */,
				12EB83FF1E45A06A00E5698A /* IssueService.swift in Sources */,
				12EB84001E45A06A00E5698A /* IssueLisetService.swift in Sources */,
				12EB840B1E45A06A00E5698A /* IssueListViewController.swift in Sources */,
				12EB83FE1E45A06A00E5698A /* CommentService.swift in Sources */,
				12EB83FB1E45A06A00E5698A /* Comment.swift in Sources */,
				124537E91E4EF57500EE4078 /* IssueListViewModel.swift in Sources */,
				12EB84081E45A06A00E5698A /* LayoutMarginLabel.swift in Sources */,
				12EB840A1E45A06A00E5698A /* IssueDetailViewController.swift in Sources */,
				12EB84021E45A06A00E5698A /* DataRequest+Extension.swift in Sources */,
				12EB84111E45A06A00E5698A /* SignInViewController.swift in Sources */,
				12EB84061E45A06A00E5698A /* KeyboardInfo.swift in Sources */,
				12EB84131E45A06A00E5698A /* IssueListPresenter.swift in Sources */,
				12EB84121E45A06A00E5698A /* IssueDetailPresenter.swift in Sources */,
				12EB840C1E45A06A00E5698A /* IssueCell.swift in Sources */,
			);
			runOnlyForDeploymentPostprocessing = 0;
		};
/* End PBXSourcesBuildPhase section */

/* Begin PBXVariantGroup section */
		126FEBA11E357DD80075D9EF /* SignIn.storyboard */ = {
			isa = PBXVariantGroup;
			children = (
				126FEBA21E357DD80075D9EF /* Base */,
			);
			name = SignIn.storyboard;
			sourceTree = "<group>";
		};
		3247F1BC1E1F257800B5CD73 /* Main.storyboard */ = {
			isa = PBXVariantGroup;
			children = (
				3247F1BD1E1F257800B5CD73 /* Base */,
			);
			name = Main.storyboard;
			sourceTree = "<group>";
		};
		3247F1C11E1F257800B5CD73 /* LaunchScreen.storyboard */ = {
			isa = PBXVariantGroup;
			children = (
				3247F1C21E1F257800B5CD73 /* Base */,
			);
			name = LaunchScreen.storyboard;
			sourceTree = "<group>";
		};
/* End PBXVariantGroup section */

/* Begin XCBuildConfiguration section */
		3247F1C51E1F257800B5CD73 /* Debug */ = {
			isa = XCBuildConfiguration;
			buildSettings = {
				ALWAYS_SEARCH_USER_PATHS = NO;
				CLANG_ANALYZER_NONNULL = YES;
				CLANG_CXX_LANGUAGE_STANDARD = "gnu++0x";
				CLANG_CXX_LIBRARY = "libc++";
				CLANG_ENABLE_MODULES = YES;
				CLANG_ENABLE_OBJC_ARC = YES;
				CLANG_WARN_BOOL_CONVERSION = YES;
				CLANG_WARN_CONSTANT_CONVERSION = YES;
				CLANG_WARN_DIRECT_OBJC_ISA_USAGE = YES_ERROR;
				CLANG_WARN_DOCUMENTATION_COMMENTS = YES;
				CLANG_WARN_EMPTY_BODY = YES;
				CLANG_WARN_ENUM_CONVERSION = YES;
				CLANG_WARN_INFINITE_RECURSION = YES;
				CLANG_WARN_INT_CONVERSION = YES;
				CLANG_WARN_OBJC_ROOT_CLASS = YES_ERROR;
				CLANG_WARN_SUSPICIOUS_MOVE = YES;
				CLANG_WARN_UNREACHABLE_CODE = YES;
				CLANG_WARN__DUPLICATE_METHOD_MATCH = YES;
				"CODE_SIGN_IDENTITY[sdk=iphoneos*]" = "iPhone Developer";
				COPY_PHASE_STRIP = NO;
				DEBUG_INFORMATION_FORMAT = dwarf;
				ENABLE_STRICT_OBJC_MSGSEND = YES;
				ENABLE_TESTABILITY = YES;
				GCC_C_LANGUAGE_STANDARD = gnu99;
				GCC_DYNAMIC_NO_PIC = NO;
				GCC_NO_COMMON_BLOCKS = YES;
				GCC_OPTIMIZATION_LEVEL = 0;
				GCC_PREPROCESSOR_DEFINITIONS = (
					"DEBUG=1",
					"$(inherited)",
				);
				GCC_WARN_64_TO_32_BIT_CONVERSION = YES;
				GCC_WARN_ABOUT_RETURN_TYPE = YES_ERROR;
				GCC_WARN_UNDECLARED_SELECTOR = YES;
				GCC_WARN_UNINITIALIZED_AUTOS = YES_AGGRESSIVE;
				GCC_WARN_UNUSED_FUNCTION = YES;
				GCC_WARN_UNUSED_VARIABLE = YES;
				IPHONEOS_DEPLOYMENT_TARGET = 10.2;
				MTL_ENABLE_DEBUG_INFO = YES;
				ONLY_ACTIVE_ARCH = YES;
				SDKROOT = iphoneos;
				SWIFT_ACTIVE_COMPILATION_CONDITIONS = DEBUG;
				SWIFT_OPTIMIZATION_LEVEL = "-Onone";
			};
			name = Debug;
		};
		3247F1C61E1F257800B5CD73 /* Release */ = {
			isa = XCBuildConfiguration;
			buildSettings = {
				ALWAYS_SEARCH_USER_PATHS = NO;
				CLANG_ANALYZER_NONNULL = YES;
				CLANG_CXX_LANGUAGE_STANDARD = "gnu++0x";
				CLANG_CXX_LIBRARY = "libc++";
				CLANG_ENABLE_MODULES = YES;
				CLANG_ENABLE_OBJC_ARC = YES;
				CLANG_WARN_BOOL_CONVERSION = YES;
				CLANG_WARN_CONSTANT_CONVERSION = YES;
				CLANG_WARN_DIRECT_OBJC_ISA_USAGE = YES_ERROR;
				CLANG_WARN_DOCUMENTATION_COMMENTS = YES;
				CLANG_WARN_EMPTY_BODY = YES;
				CLANG_WARN_ENUM_CONVERSION = YES;
				CLANG_WARN_INFINITE_RECURSION = YES;
				CLANG_WARN_INT_CONVERSION = YES;
				CLANG_WARN_OBJC_ROOT_CLASS = YES_ERROR;
				CLANG_WARN_SUSPICIOUS_MOVE = YES;
				CLANG_WARN_UNREACHABLE_CODE = YES;
				CLANG_WARN__DUPLICATE_METHOD_MATCH = YES;
				"CODE_SIGN_IDENTITY[sdk=iphoneos*]" = "iPhone Developer";
				COPY_PHASE_STRIP = NO;
				DEBUG_INFORMATION_FORMAT = "dwarf-with-dsym";
				ENABLE_NS_ASSERTIONS = NO;
				ENABLE_STRICT_OBJC_MSGSEND = YES;
				GCC_C_LANGUAGE_STANDARD = gnu99;
				GCC_NO_COMMON_BLOCKS = YES;
				GCC_WARN_64_TO_32_BIT_CONVERSION = YES;
				GCC_WARN_ABOUT_RETURN_TYPE = YES_ERROR;
				GCC_WARN_UNDECLARED_SELECTOR = YES;
				GCC_WARN_UNINITIALIZED_AUTOS = YES_AGGRESSIVE;
				GCC_WARN_UNUSED_FUNCTION = YES;
				GCC_WARN_UNUSED_VARIABLE = YES;
				IPHONEOS_DEPLOYMENT_TARGET = 10.2;
				MTL_ENABLE_DEBUG_INFO = NO;
				SDKROOT = iphoneos;
				SWIFT_OPTIMIZATION_LEVEL = "-Owholemodule";
				VALIDATE_PRODUCT = YES;
			};
			name = Release;
		};
		3247F1C81E1F257800B5CD73 /* Debug */ = {
			isa = XCBuildConfiguration;
			baseConfigurationReference = 870AE74D5D3CC42486E023EA /* Pods-TaewanArchitectureStudy.debug.xcconfig */;
			buildSettings = {
				ASSETCATALOG_COMPILER_APPICON_NAME = AppIcon;
				DEVELOPMENT_TEAM = C8LLTKJ2XT;
				INFOPLIST_FILE = TaewanArchitectureStudy/Info.plist;
				IPHONEOS_DEPLOYMENT_TARGET = 9.0;
				LD_RUNPATH_SEARCH_PATHS = "$(inherited) @executable_path/Frameworks";
				PRODUCT_BUNDLE_IDENTIFIER = "kr.co.taewan.architecture-study";
				PRODUCT_NAME = "$(TARGET_NAME)";
				SWIFT_VERSION = 3.0;
			};
			name = Debug;
		};
		3247F1C91E1F257800B5CD73 /* Release */ = {
			isa = XCBuildConfiguration;
			baseConfigurationReference = 2AA3EF8FE28E8A26B879B271 /* Pods-TaewanArchitectureStudy.release.xcconfig */;
			buildSettings = {
				ASSETCATALOG_COMPILER_APPICON_NAME = AppIcon;
				DEVELOPMENT_TEAM = C8LLTKJ2XT;
				INFOPLIST_FILE = TaewanArchitectureStudy/Info.plist;
				IPHONEOS_DEPLOYMENT_TARGET = 9.0;
				LD_RUNPATH_SEARCH_PATHS = "$(inherited) @executable_path/Frameworks";
				PRODUCT_BUNDLE_IDENTIFIER = "kr.co.taewan.architecture-study";
				PRODUCT_NAME = "$(TARGET_NAME)";
				SWIFT_VERSION = 3.0;
			};
			name = Release;
		};
/* End XCBuildConfiguration section */

/* Begin XCConfigurationList section */
		3247F1B01E1F257800B5CD73 /* Build configuration list for PBXProject "TaewanArchitectureStudy" */ = {
			isa = XCConfigurationList;
			buildConfigurations = (
				3247F1C51E1F257800B5CD73 /* Debug */,
				3247F1C61E1F257800B5CD73 /* Release */,
			);
			defaultConfigurationIsVisible = 0;
			defaultConfigurationName = Release;
		};
		3247F1C71E1F257800B5CD73 /* Build configuration list for PBXNativeTarget "TaewanArchitectureStudy" */ = {
			isa = XCConfigurationList;
			buildConfigurations = (
				3247F1C81E1F257800B5CD73 /* Debug */,
				3247F1C91E1F257800B5CD73 /* Release */,
			);
			defaultConfigurationIsVisible = 0;
			defaultConfigurationName = Release;
		};
/* End XCConfigurationList section */
	};
	rootObject = 3247F1AD1E1F257800B5CD73 /* Project object */;
}
